{
  "version": 4,
  "terraform_version": "1.5.5",
  "serial": 643,
  "lineage": "e8c80e40-130a-1d66-6c09-717ca9bf1ff8",
  "outputs": {},
  "resources": [
    {
      "mode": "managed",
      "type": "aws_eip",
      "name": "eip_airbyte",
      "provider": "provider[\"registry.terraform.io/hashicorp/aws\"]",
      "instances": [
        {
          "schema_version": 0,
          "attributes": {
            "address": null,
            "allocation_id": "eipalloc-00ce1e6846d9705be",
            "associate_with_private_ip": null,
            "association_id": "eipassoc-0a8c2ce13eb0a78e6",
            "carrier_ip": "",
            "customer_owned_ip": "",
            "customer_owned_ipv4_pool": "",
            "domain": "vpc",
            "id": "eipalloc-00ce1e6846d9705be",
            "instance": "i-06a1752c0c2979728",
            "network_border_group": "us-east-1",
            "network_interface": "eni-0ed6a5e6318f5441f",
            "private_dns": "ip-10-0-1-251.ec2.internal",
            "private_ip": "10.0.1.251",
            "public_dns": "ec2-3-233-199-38.compute-1.amazonaws.com",
            "public_ip": "3.233.199.38",
            "public_ipv4_pool": "amazon",
            "tags": {},
            "tags_all": {},
            "timeouts": null,
            "vpc": true
          },
          "sensitive_attributes": [],
          "private": "eyJlMmJmYjczMC1lY2FhLTExZTYtOGY4OC0zNDM2M2JjN2M0YzAiOnsiZGVsZXRlIjoxODAwMDAwMDAwMDAsInJlYWQiOjkwMDAwMDAwMDAwMCwidXBkYXRlIjozMDAwMDAwMDAwMDB9fQ==",
          "dependencies": [
            "module.ec2_airbyte.aws_instance.ec2",
            "module.ec2_airbyte.aws_key_pair.auth_ssh",
            "module.ec2_airbyte.data.aws_ami.server_ami",
            "module.ec2_airbyte.tls_private_key.key",
            "module.networking.aws_security_group.airbyte",
            "module.networking.aws_subnet.public_subnet",
            "module.networking.aws_vpc.vpc"
          ]
        }
      ]
    },
    {
      "module": "module.alb",
      "mode": "managed",
      "type": "aws_alb",
      "name": "airflow",
      "provider": "provider[\"registry.terraform.io/hashicorp/aws\"]",
      "instances": [
        {
          "schema_version": 0,
          "attributes": {
            "access_logs": [
              {
                "bucket": "",
                "enabled": false,
                "prefix": ""
              }
            ],
            "arn": "arn:aws:elasticloadbalancing:us-east-1:770802840260:loadbalancer/app/alb/f18973adae672d9a",
            "arn_suffix": "app/alb/f18973adae672d9a",
            "customer_owned_ipv4_pool": "",
            "desync_mitigation_mode": "defensive",
            "dns_name": "alb-1131720132.us-east-1.elb.amazonaws.com",
            "drop_invalid_header_fields": false,
            "enable_cross_zone_load_balancing": true,
            "enable_deletion_protection": false,
            "enable_http2": true,
            "enable_tls_version_and_cipher_suite_headers": false,
            "enable_waf_fail_open": false,
            "enable_xff_client_port": false,
            "id": "arn:aws:elasticloadbalancing:us-east-1:770802840260:loadbalancer/app/alb/f18973adae672d9a",
            "idle_timeout": 60,
            "internal": false,
            "ip_address_type": "ipv4",
            "load_balancer_type": "application",
            "name": "alb",
            "name_prefix": null,
            "preserve_host_header": false,
            "security_groups": [
              "sg-0b3f86287d3a621c0"
            ],
            "subnet_mapping": [
              {
                "allocation_id": "",
                "ipv6_address": "",
                "outpost_id": "",
                "private_ipv4_address": "",
                "subnet_id": "subnet-02ad1c5ac9ae794ad"
              },
              {
                "allocation_id": "",
                "ipv6_address": "",
                "outpost_id": "",
                "private_ipv4_address": "",
                "subnet_id": "subnet-078c71c4754f23983"
              }
            ],
            "subnets": [
              "subnet-02ad1c5ac9ae794ad",
              "subnet-078c71c4754f23983"
            ],
            "tags": {},
            "tags_all": {},
            "timeouts": null,
            "vpc_id": "vpc-0f044010ed06ac290",
            "xff_header_processing_mode": "append",
            "zone_id": "Z35SXDOTRQ7X7K"
          },
          "sensitive_attributes": [],
          "private": "eyJlMmJmYjczMC1lY2FhLTExZTYtOGY4OC0zNDM2M2JjN2M0YzAiOnsiY3JlYXRlIjo2MDAwMDAwMDAwMDAsImRlbGV0ZSI6NjAwMDAwMDAwMDAwLCJ1cGRhdGUiOjYwMDAwMDAwMDAwMH19",
          "dependencies": [
            "module.networking.aws_security_group.alb",
            "module.networking.aws_subnet.airflow_public_subnet",
            "module.networking.aws_vpc.vpc"
          ]
        }
      ]
    },
    {
      "module": "module.alb",
      "mode": "managed",
      "type": "aws_alb_listener",
      "name": "airflow_flower",
      "provider": "provider[\"registry.terraform.io/hashicorp/aws\"]",
      "instances": [
        {
          "schema_version": 0,
          "attributes": {
            "alpn_policy": null,
            "arn": "arn:aws:elasticloadbalancing:us-east-1:770802840260:listener/app/alb/f18973adae672d9a/4cec80f5cc2c13d4",
            "certificate_arn": null,
            "default_action": [
              {
                "authenticate_cognito": [],
                "authenticate_oidc": [],
                "fixed_response": [],
                "forward": [],
                "order": 1,
                "redirect": [],
                "target_group_arn": "arn:aws:elasticloadbalancing:us-east-1:770802840260:targetgroup/flower/40a20f5d1145152a",
                "type": "forward"
              }
            ],
            "id": "arn:aws:elasticloadbalancing:us-east-1:770802840260:listener/app/alb/f18973adae672d9a/4cec80f5cc2c13d4",
            "load_balancer_arn": "arn:aws:elasticloadbalancing:us-east-1:770802840260:loadbalancer/app/alb/f18973adae672d9a",
            "port": 5555,
            "protocol": "HTTP",
            "ssl_policy": "",
            "tags": {},
            "tags_all": {},
            "timeouts": null
          },
          "sensitive_attributes": [],
          "private": "eyJlMmJmYjczMC1lY2FhLTExZTYtOGY4OC0zNDM2M2JjN2M0YzAiOnsicmVhZCI6NjAwMDAwMDAwMDAwfX0=",
          "dependencies": [
            "module.alb.aws_alb.airflow",
            "module.alb.aws_alb_target_group.airflow_flower",
            "module.networking.aws_security_group.alb",
            "module.networking.aws_subnet.airflow_public_subnet",
            "module.networking.aws_vpc.vpc"
          ]
        }
      ]
    },
    {
      "module": "module.alb",
      "mode": "managed",
      "type": "aws_alb_listener",
      "name": "airflow_web_server",
      "provider": "provider[\"registry.terraform.io/hashicorp/aws\"]",
      "instances": [
        {
          "schema_version": 0,
          "attributes": {
            "alpn_policy": null,
            "arn": "arn:aws:elasticloadbalancing:us-east-1:770802840260:listener/app/alb/f18973adae672d9a/8545bd86e5d485ff",
            "certificate_arn": null,
            "default_action": [
              {
                "authenticate_cognito": [],
                "authenticate_oidc": [],
                "fixed_response": [],
                "forward": [],
                "order": 1,
                "redirect": [],
                "target_group_arn": "arn:aws:elasticloadbalancing:us-east-1:770802840260:targetgroup/web-server/535141bce30b46dc",
                "type": "forward"
              }
            ],
            "id": "arn:aws:elasticloadbalancing:us-east-1:770802840260:listener/app/alb/f18973adae672d9a/8545bd86e5d485ff",
            "load_balancer_arn": "arn:aws:elasticloadbalancing:us-east-1:770802840260:loadbalancer/app/alb/f18973adae672d9a",
            "port": 80,
            "protocol": "HTTP",
            "ssl_policy": "",
            "tags": {},
            "tags_all": {},
            "timeouts": null
          },
          "sensitive_attributes": [],
          "private": "eyJlMmJmYjczMC1lY2FhLTExZTYtOGY4OC0zNDM2M2JjN2M0YzAiOnsicmVhZCI6NjAwMDAwMDAwMDAwfX0=",
          "dependencies": [
            "module.alb.aws_alb.airflow",
            "module.alb.aws_alb_target_group.airflow_web_server",
            "module.networking.aws_security_group.alb",
            "module.networking.aws_subnet.airflow_public_subnet",
            "module.networking.aws_vpc.vpc"
          ]
        }
      ]
    },
    {
      "module": "module.alb",
      "mode": "managed",
      "type": "aws_alb_target_group",
      "name": "airflow_flower",
      "provider": "provider[\"registry.terraform.io/hashicorp/aws\"]",
      "instances": [
        {
          "schema_version": 0,
          "attributes": {
            "arn": "arn:aws:elasticloadbalancing:us-east-1:770802840260:targetgroup/flower/40a20f5d1145152a",
            "arn_suffix": "targetgroup/flower/40a20f5d1145152a",
            "connection_termination": false,
            "deregistration_delay": "300",
            "health_check": [
              {
                "enabled": true,
                "healthy_threshold": 5,
                "interval": 60,
                "matcher": "200",
                "path": "/health",
                "port": "5555",
                "protocol": "HTTP",
                "timeout": 5,
                "unhealthy_threshold": 3
              }
            ],
            "id": "arn:aws:elasticloadbalancing:us-east-1:770802840260:targetgroup/flower/40a20f5d1145152a",
            "ip_address_type": "ipv4",
            "lambda_multi_value_headers_enabled": false,
            "load_balancing_algorithm_type": "round_robin",
            "load_balancing_cross_zone_enabled": "use_load_balancer_configuration",
            "name": "flower",
            "name_prefix": null,
            "port": 5555,
            "preserve_client_ip": null,
            "protocol": "HTTP",
            "protocol_version": "HTTP1",
            "proxy_protocol_v2": false,
            "slow_start": 0,
            "stickiness": [
              {
                "cookie_duration": 86400,
                "cookie_name": "",
                "enabled": false,
                "type": "lb_cookie"
              }
            ],
            "tags": {},
            "tags_all": {},
            "target_failover": [
              {
                "on_deregistration": null,
                "on_unhealthy": null
              }
            ],
            "target_type": "ip",
            "vpc_id": "vpc-0f044010ed06ac290"
          },
          "sensitive_attributes": [],
          "private": "bnVsbA==",
          "dependencies": [
            "module.networking.aws_vpc.vpc"
          ]
        }
      ]
    },
    {
      "module": "module.alb",
      "mode": "managed",
      "type": "aws_alb_target_group",
      "name": "airflow_web_server",
      "provider": "provider[\"registry.terraform.io/hashicorp/aws\"]",
      "instances": [
        {
          "schema_version": 0,
          "attributes": {
            "arn": "arn:aws:elasticloadbalancing:us-east-1:770802840260:targetgroup/web-server/535141bce30b46dc",
            "arn_suffix": "targetgroup/web-server/535141bce30b46dc",
            "connection_termination": false,
            "deregistration_delay": "300",
            "health_check": [
              {
                "enabled": true,
                "healthy_threshold": 5,
                "interval": 60,
                "matcher": "200",
                "path": "/health",
                "port": "8080",
                "protocol": "HTTP",
                "timeout": 5,
                "unhealthy_threshold": 3
              }
            ],
            "id": "arn:aws:elasticloadbalancing:us-east-1:770802840260:targetgroup/web-server/535141bce30b46dc",
            "ip_address_type": "ipv4",
            "lambda_multi_value_headers_enabled": false,
            "load_balancing_algorithm_type": "round_robin",
            "load_balancing_cross_zone_enabled": "use_load_balancer_configuration",
            "name": "web-server",
            "name_prefix": null,
            "port": 8080,
            "preserve_client_ip": null,
            "protocol": "HTTP",
            "protocol_version": "HTTP1",
            "proxy_protocol_v2": false,
            "slow_start": 0,
            "stickiness": [
              {
                "cookie_duration": 86400,
                "cookie_name": "",
                "enabled": false,
                "type": "lb_cookie"
              }
            ],
            "tags": {},
            "tags_all": {},
            "target_failover": [
              {
                "on_deregistration": null,
                "on_unhealthy": null
              }
            ],
            "target_type": "ip",
            "vpc_id": "vpc-0f044010ed06ac290"
          },
          "sensitive_attributes": [],
          "private": "bnVsbA==",
          "dependencies": [
            "module.networking.aws_vpc.vpc"
          ]
        }
      ]
    },
    {
      "module": "module.cloudwatch",
      "mode": "managed",
      "type": "aws_cloudwatch_log_group",
      "name": "log_group_flower",
      "provider": "provider[\"registry.terraform.io/hashicorp/aws\"]",
      "instances": [
        {
          "schema_version": 0,
          "attributes": {
            "arn": "arn:aws:logs:us-east-1:770802840260:log-group:ecs/fargate/flower",
            "id": "ecs/fargate/flower",
            "kms_key_id": "",
            "name": "ecs/fargate/flower",
            "name_prefix": "",
            "retention_in_days": 1,
            "skip_destroy": false,
            "tags": {},
            "tags_all": {}
          },
          "sensitive_attributes": [],
          "private": "bnVsbA=="
        }
      ]
    },
    {
      "module": "module.cloudwatch",
      "mode": "managed",
      "type": "aws_cloudwatch_log_group",
      "name": "log_group_scheduler",
      "provider": "provider[\"registry.terraform.io/hashicorp/aws\"]",
      "instances": [
        {
          "schema_version": 0,
          "attributes": {
            "arn": "arn:aws:logs:us-east-1:770802840260:log-group:ecs/fargate/scheduler",
            "id": "ecs/fargate/scheduler",
            "kms_key_id": "",
            "name": "ecs/fargate/scheduler",
            "name_prefix": "",
            "retention_in_days": 1,
            "skip_destroy": false,
            "tags": {},
            "tags_all": {}
          },
          "sensitive_attributes": [],
          "private": "bnVsbA=="
        }
      ]
    },
    {
      "module": "module.cloudwatch",
      "mode": "managed",
      "type": "aws_cloudwatch_log_group",
      "name": "log_group_tasks",
      "provider": "provider[\"registry.terraform.io/hashicorp/aws\"]",
      "instances": [
        {
          "schema_version": 0,
          "attributes": {
            "arn": "arn:aws:logs:us-east-1:770802840260:log-group:tasks",
            "id": "tasks",
            "kms_key_id": "",
            "name": "tasks",
            "name_prefix": "",
            "retention_in_days": 1,
            "skip_destroy": false,
            "tags": {},
            "tags_all": {}
          },
          "sensitive_attributes": [],
          "private": "bnVsbA=="
        }
      ]
    },
    {
      "module": "module.cloudwatch",
      "mode": "managed",
      "type": "aws_cloudwatch_log_group",
      "name": "log_group_web_server",
      "provider": "provider[\"registry.terraform.io/hashicorp/aws\"]",
      "instances": [
        {
          "schema_version": 0,
          "attributes": {
            "arn": "arn:aws:logs:us-east-1:770802840260:log-group:ecs/fargate/web-server",
            "id": "ecs/fargate/web-server",
            "kms_key_id": "",
            "name": "ecs/fargate/web-server",
            "name_prefix": "",
            "retention_in_days": 1,
            "skip_destroy": false,
            "tags": {},
            "tags_all": {}
          },
          "sensitive_attributes": [],
          "private": "bnVsbA=="
        }
      ]
    },
    {
      "module": "module.cloudwatch",
      "mode": "managed",
      "type": "aws_cloudwatch_log_group",
      "name": "log_group_worker",
      "provider": "provider[\"registry.terraform.io/hashicorp/aws\"]",
      "instances": [
        {
          "schema_version": 0,
          "attributes": {
            "arn": "arn:aws:logs:us-east-1:770802840260:log-group:ecs/fargate/worker",
            "id": "ecs/fargate/worker",
            "kms_key_id": "",
            "name": "ecs/fargate/worker",
            "name_prefix": "",
            "retention_in_days": 1,
            "skip_destroy": false,
            "tags": {},
            "tags_all": {}
          },
          "sensitive_attributes": [],
          "private": "bnVsbA=="
        }
      ]
    },
    {
      "module": "module.ec2_airbyte",
      "mode": "data",
      "type": "aws_ami",
      "name": "server_ami",
      "provider": "provider[\"registry.terraform.io/hashicorp/aws\"]",
      "instances": [
        {
          "schema_version": 0,
          "attributes": {
            "architecture": "x86_64",
            "arn": "arn:aws:ec2:us-east-1::image/ami-0e783882a19958fff",
            "block_device_mappings": [
              {
                "device_name": "/dev/sda1",
                "ebs": {
                  "delete_on_termination": "true",
                  "encrypted": "false",
                  "iops": "0",
                  "snapshot_id": "snap-0236be8b3b6efd8c5",
                  "throughput": "0",
                  "volume_size": "8",
                  "volume_type": "gp2"
                },
                "no_device": "",
                "virtual_name": ""
              },
              {
                "device_name": "/dev/sdb",
                "ebs": {},
                "no_device": "",
                "virtual_name": "ephemeral0"
              },
              {
                "device_name": "/dev/sdc",
                "ebs": {},
                "no_device": "",
                "virtual_name": "ephemeral1"
              }
            ],
            "boot_mode": "legacy-bios",
            "creation_date": "2023-10-30T21:29:22.000Z",
            "deprecation_time": "2025-10-30T21:29:22.000Z",
            "description": "Canonical, Ubuntu, 22.04 LTS, amd64 jammy image build on 2023-10-30",
            "ena_support": true,
            "executable_users": null,
            "filter": [
              {
                "name": "name",
                "values": [
                  "ubuntu/images/hvm-ssd/ubuntu-jammy-22.04-amd64-server-*"
                ]
              }
            ],
            "hypervisor": "xen",
            "id": "ami-0e783882a19958fff",
            "image_id": "ami-0e783882a19958fff",
            "image_location": "amazon/ubuntu/images/hvm-ssd/ubuntu-jammy-22.04-amd64-server-20231030",
            "image_owner_alias": "amazon",
            "image_type": "machine",
            "imds_support": "",
            "include_deprecated": false,
            "kernel_id": "",
            "most_recent": true,
            "name": "ubuntu/images/hvm-ssd/ubuntu-jammy-22.04-amd64-server-20231030",
            "name_regex": null,
            "owner_id": "099720109477",
            "owners": [
              "099720109477"
            ],
            "platform": "",
            "platform_details": "Linux/UNIX",
            "product_codes": [],
            "public": true,
            "ramdisk_id": "",
            "root_device_name": "/dev/sda1",
            "root_device_type": "ebs",
            "root_snapshot_id": "snap-0236be8b3b6efd8c5",
            "sriov_net_support": "simple",
            "state": "available",
            "state_reason": {
              "code": "UNSET",
              "message": "UNSET"
            },
            "tags": {},
            "timeouts": null,
            "tpm_support": "",
            "usage_operation": "RunInstances",
            "virtualization_type": "hvm"
          },
          "sensitive_attributes": []
        }
      ]
    },
    {
      "module": "module.ec2_airbyte",
      "mode": "managed",
      "type": "aws_instance",
      "name": "ec2",
      "provider": "provider[\"registry.terraform.io/hashicorp/aws\"]",
      "instances": [
        {
          "schema_version": 1,
          "attributes": {
            "ami": "ami-0e783882a19958fff",
            "arn": "arn:aws:ec2:us-east-1:770802840260:instance/i-06a1752c0c2979728",
            "associate_public_ip_address": true,
            "availability_zone": "us-east-1a",
            "capacity_reservation_specification": [
              {
                "capacity_reservation_preference": "open",
                "capacity_reservation_target": []
              }
            ],
            "cpu_core_count": 1,
            "cpu_options": [
              {
                "amd_sev_snp": "",
                "core_count": 1,
                "threads_per_core": 2
              }
            ],
            "cpu_threads_per_core": 2,
            "credit_specification": [
              {
                "cpu_credits": "unlimited"
              }
            ],
            "disable_api_stop": false,
            "disable_api_termination": false,
            "ebs_block_device": [],
            "ebs_optimized": false,
            "enclave_options": [
              {
                "enabled": false
              }
            ],
            "ephemeral_block_device": [],
            "get_password_data": false,
            "hibernation": false,
            "host_id": "",
            "host_resource_group_arn": null,
            "iam_instance_profile": "",
            "id": "i-06a1752c0c2979728",
            "instance_initiated_shutdown_behavior": "stop",
            "instance_lifecycle": "",
            "instance_market_options": [],
            "instance_state": "running",
            "instance_type": "t3.medium",
            "ipv6_address_count": 0,
            "ipv6_addresses": [],
            "key_name": "ec2_key_pair",
            "launch_template": [],
            "maintenance_options": [
              {
                "auto_recovery": "default"
              }
            ],
            "metadata_options": [
              {
                "http_endpoint": "enabled",
                "http_protocol_ipv6": "disabled",
                "http_put_response_hop_limit": 1,
                "http_tokens": "optional",
                "instance_metadata_tags": "disabled"
              }
            ],
            "monitoring": false,
            "network_interface": [],
            "outpost_arn": "",
            "password_data": "",
            "placement_group": "",
            "placement_partition_number": 0,
            "primary_network_interface_id": "eni-0ed6a5e6318f5441f",
            "private_dns": "ip-10-0-1-251.ec2.internal",
            "private_dns_name_options": [
              {
                "enable_resource_name_dns_a_record": false,
                "enable_resource_name_dns_aaaa_record": false,
                "hostname_type": "ip-name"
              }
            ],
            "private_ip": "10.0.1.251",
            "public_dns": "ec2-3-233-199-38.compute-1.amazonaws.com",
            "public_ip": "3.233.199.38",
            "root_block_device": [
              {
                "delete_on_termination": true,
                "device_name": "/dev/sda1",
                "encrypted": false,
                "iops": 100,
                "kms_key_id": "",
                "tags": {},
                "throughput": 0,
                "volume_id": "vol-0a6fb7ba22704ac5c",
                "volume_size": 10,
                "volume_type": "gp2"
              }
            ],
            "secondary_private_ips": [],
            "security_groups": [],
            "source_dest_check": true,
            "spot_instance_request_id": "",
            "subnet_id": "subnet-0463e6e7705c3220c",
            "tags": {
              "Name": "ec2-datalake-core"
            },
            "tags_all": {
              "Name": "ec2-datalake-core"
            },
            "tenancy": "default",
            "timeouts": null,
            "user_data": "ea2a13867872e365b8a3af11700f9a0be11ed6ba",
            "user_data_base64": null,
            "user_data_replace_on_change": false,
            "volume_tags": null,
            "vpc_security_group_ids": [
              "sg-0e392a1047a29cebe"
            ]
          },
          "sensitive_attributes": [],
          "private": "eyJlMmJmYjczMC1lY2FhLTExZTYtOGY4OC0zNDM2M2JjN2M0YzAiOnsiY3JlYXRlIjo2MDAwMDAwMDAwMDAsImRlbGV0ZSI6MTIwMDAwMDAwMDAwMCwidXBkYXRlIjo2MDAwMDAwMDAwMDB9LCJzY2hlbWFfdmVyc2lvbiI6IjEifQ==",
          "dependencies": [
            "module.ec2_airbyte.aws_key_pair.auth_ssh",
            "module.ec2_airbyte.data.aws_ami.server_ami",
            "module.ec2_airbyte.tls_private_key.key",
            "module.networking.aws_security_group.airbyte",
            "module.networking.aws_subnet.public_subnet",
            "module.networking.aws_vpc.vpc"
          ]
        }
      ]
    },
    {
      "module": "module.ec2_airbyte",
      "mode": "managed",
      "type": "aws_key_pair",
      "name": "auth_ssh",
      "provider": "provider[\"registry.terraform.io/hashicorp/aws\"]",
      "instances": [
        {
          "schema_version": 1,
          "attributes": {
            "arn": "arn:aws:ec2:us-east-1:770802840260:key-pair/ec2_key_pair",
            "fingerprint": "70:60:15:0b:6d:e6:1a:1a:46:4d:64:ff:ab:2e:f6:d3",
            "id": "ec2_key_pair",
            "key_name": "ec2_key_pair",
            "key_name_prefix": "",
            "key_pair_id": "key-057dd40f9da952bd3",
            "key_type": "rsa",
            "public_key": "ssh-rsa AAAAB3NzaC1yc2EAAAADAQABAAACAQDHDj7A0HeEZ9KCEYr/V9BEfpq6Tci+bMKMCm3HxppvkJmKMf1jjSH40fLk9uxxJ2j5JD1RVQJEhxCylM1DAdXLbzomu4enmh8d9yoWgtDzie4/5aPftNI8m7RweXzRIR+a1ZjaIHySmPU8IjWXACJl7i/A/faeOl1U+PVJd5XJU7u7SR0N1siPspLPeIru+kNa5LxcdHr48xLh/SKzuYA4duz6aATaD6a2db7akIl/2VUXsDxkjgkfrvRB2Z0ka/BHgQ8AIfn9e9yi1Fewi+2ue9jf4dHUjAO2CrrZPaNjHIhrZ2YM2sSpagh8spvB3ng5bwh2ihmb+8MaP+TjhsFysCmp9wiI4YKZujzkGeaPVqHrrGdDsGRImwoy/aUfL5nPTjNRigpQOtGJyG0WfutNrGaAENuynGeenPzT5uoFUnpZCUMBhh3KEk3jmq4UTa4McTSQN0xubwYxZ698xC+aASz+CuEQhaMwNbJJHepz+eWx1A9F//Jl9wGZhnGh5vHAakfQSdc+F9n+2OK7xKFCig9xBUywrbhuU8he/nIMsjjx0TIzczrKJzQg3uISU9+sUCWtiXLNzFdqFR3Jwt/Os6P26iwrtTjjwjGc/iULTEHMic6QY+17N8qYMzb7WaUu2sZ9oI42+3NIKE4pBLzR8EE7sSRKhccp/atFdi8PcQ==",
            "tags": {},
            "tags_all": {}
          },
          "sensitive_attributes": [],
          "private": "eyJzY2hlbWFfdmVyc2lvbiI6IjEifQ==",
          "dependencies": [
            "module.ec2_airbyte.tls_private_key.key"
          ]
        }
      ]
    },
    {
      "module": "module.ec2_airbyte",
      "mode": "managed",
      "type": "tls_private_key",
      "name": "key",
      "provider": "provider[\"registry.terraform.io/hashicorp/tls\"]",
      "instances": [
        {
          "schema_version": 1,
          "attributes": {
            "algorithm": "RSA",
            "ecdsa_curve": "P224",
            "id": "9c8f4e7349209f3eb7748753be5fc1821215e347",
            "private_key_openssh": "-----BEGIN OPENSSH PRIVATE KEY-----\nb3BlbnNzaC1rZXktdjEAAAAABG5vbmUAAAAEbm9uZQAAAAAAAAABAAACFwAAAAdz\nc2gtcnNhAAAAAwEAAQAAAgEAxw4+wNB3hGfSghGK/1fQRH6auk3IvmzCjAptx8aa\nb5CZijH9Y40h+NHy5PbscSdo+SQ9UVUCRIcQspTNQwHVy286JruHp5ofHfcqFoLQ\n84nuP+Wj37TSPJu0cHl80SEfmtWY2iB8kpj1PCI1lwAiZe4vwP32njpdVPj1SXeV\nyVO7u0kdDdbIj7KSz3iK7vpDWuS8XHR6+PMS4f0is7mAOHbs+mgE2g+mtnW+2pCJ\nf9lVF7A8ZI4JH670QdmdJGvwR4EPACH5/XvcotRXsIvtrnvY3+HR1IwDtgq62T2j\nYxyIa2dmDNrEqWoIfLKbwd54OW8IdooZm/vDGj/k44bBcrApqfcIiOGCmbo85Bnm\nj1ah66xnQ7BkSJsKMv2lHy+Zz04zUYoKUDrRichtFn7rTaxmgBDbspxnnpz80+bq\nBVJ6WQlDAYYdyhJN45quFE2uDHE0kDdMbm8GMWevfMQvmgEs/grhEIWjMDWySR3q\nc/nlsdQPRf/yZfcBmYZxoebxwGpH0EnXPhfZ/tjiu8ShQooPcQVMsK24blPIXv5y\nDLI48dEyM3M6yic0IN7iElPfrFAlrYlyzcxXahUdycLfzrOj9uosK7U448IxnP4l\nC0xBzInOkGPtezfKmDM2+1mlLtrGfaCONvtzSChOKQS80fBBO7EkSoXHKf2rRXYv\nD3EAAAc47BtDquwbQ6oAAAAHc3NoLXJzYQAAAgEAxw4+wNB3hGfSghGK/1fQRH6a\nuk3IvmzCjAptx8aab5CZijH9Y40h+NHy5PbscSdo+SQ9UVUCRIcQspTNQwHVy286\nJruHp5ofHfcqFoLQ84nuP+Wj37TSPJu0cHl80SEfmtWY2iB8kpj1PCI1lwAiZe4v\nwP32njpdVPj1SXeVyVO7u0kdDdbIj7KSz3iK7vpDWuS8XHR6+PMS4f0is7mAOHbs\n+mgE2g+mtnW+2pCJf9lVF7A8ZI4JH670QdmdJGvwR4EPACH5/XvcotRXsIvtrnvY\n3+HR1IwDtgq62T2jYxyIa2dmDNrEqWoIfLKbwd54OW8IdooZm/vDGj/k44bBcrAp\nqfcIiOGCmbo85Bnmj1ah66xnQ7BkSJsKMv2lHy+Zz04zUYoKUDrRichtFn7rTaxm\ngBDbspxnnpz80+bqBVJ6WQlDAYYdyhJN45quFE2uDHE0kDdMbm8GMWevfMQvmgEs\n/grhEIWjMDWySR3qc/nlsdQPRf/yZfcBmYZxoebxwGpH0EnXPhfZ/tjiu8ShQooP\ncQVMsK24blPIXv5yDLI48dEyM3M6yic0IN7iElPfrFAlrYlyzcxXahUdycLfzrOj\n9uosK7U448IxnP4lC0xBzInOkGPtezfKmDM2+1mlLtrGfaCONvtzSChOKQS80fBB\nO7EkSoXHKf2rRXYvD3EAAAADAQABAAACACjUmDSuzkU/kqORe6SC27qhCZX7jJja\n8FEPdpNK/rSxwXziYiqAcZ57WkpzB+7x+YtZTqaXPF7YIamv8iazgqo3B4OYZewQ\nJh/caiqx7LB384Hx1dp2WcWK3slPcjXniHcXJ0Je9Y6Qh4UtMzblFSk5YVxB+8tb\nB3f9lTrbp8LjRRfWmHoVO5CWPZ0HCeCZPyWu06BXWD4mhhIK/YpGG7H5WwTGP3CH\nU1gL8PkeOsYZy2WPhePOarqwBXRYce5doazZIT2SupevR4Oy8MXK/hcTWloaFRN3\nIO+/ZbJX/WLAII9/ZyRt33csw87oSCDNRHXre53tF/GyA8QnpQiyxI0n5QCE6Wi3\nRqvWTQsa799jpOZHa7CzcI2v0CFDnPd8T3foB96pQmc7a9UELZVTPjNYoazyuxD/\nsD5nXXl+Ye1cPpo7VrR/O8zpXyDCt5BhVepwRH1w7PsGyITRZO70eU7JnuKpKon2\njTQcB0r86lZvw/ZkSZbe63Y6gGxxZN+XLhr1OodV8YJU2Gpr/nNO5rxsMrI58mEN\nBmiBec7XFHbSBWgjy+MKLvVyx9D8uv++K/bqdtcfO/dEs4GvR4SEZnrkrzcO5tV4\nBpY4vfZh2630mb8GOzcXRpBihAaVizkZgRyuIALgccc66XqVNsqiEQofriMs9RGT\no1/kKI3y2RvBAAABAESAj4MkbV+aMRzACA6B++d3En85UfEjU4vDtyli1NKdBQa5\nShCG9ynBsQ2kmnL9M+QBHOTMuNChGCHHd76d6eBwbMa41oZNs5AyhmUV8kRefoW9\noaQwZJ1PYFUNsVW3x0Ny0eI5RSrJRnFD8aJF2poal/YSMQR9E7ccfjgW3DfPp2Xn\n3UPvXn8Q54jHbKWblDXvy1p1QhlDJNo4NMRRMHOuVInhOtOKecnZ4CyspZEzNAIT\nkmxW8F/PQTrORPA+9ikC40byPJUwcuL9jroQXXRzv9FT8bQK7FVLT4KG6xSiMLRv\ndd7imZ8Td8dmq5tf5xSrppxBo3fYP3yHxP09jFEAAAEBAPgtedhr4F9oUigg+hAw\nsNQqXyI/TVFv5lS7dHvx+EY8qRlPKQh7nafDMa6Qc5yzgQByZEcQCGgP960Ql0Hd\nFDxZG66V1YT5dvhEs+xNTaU1+V7OAEUF7khupli1/7Q3doG1kFAlLmwZQvbCEelw\ndjYBVFUkIouAGGinS6Wt857YDLSOMhb4gXx6brqfsMV05/ocBpFxp/fY3yd5TJwp\npmmW8XE8R6x2OdudW9LnUGA5D5iDGy9IC0I33Sg/NqeCIA+YRkR0SdEM7/zugaeX\nRifeOLODWmioiuTJaB1A3Vu52cHz165A47xdCIx12Jzith5zh8foVt0ZF/QlyhR5\nTEkAAAEBAM1UaHOVtuk3Eix1M2mTPfu16t/aEpwZGNsAb7XHbmoFkI3nekad8SKf\nbV9NNgj68dj4vnywTgBK0Kstte9GCeWNCPxumTgnC4iQFkLfPbz5Hd2woKO2pdxy\nHI0uAORRH5OLYXbqq5iOC+uYzmfF7fUN7xPbZ9lU+Szz2hkIENledwgFcBrSPTM1\n/HeYxTv1dvAsunEGkTSi4IJvoUS4wd+CVEuLrmEYZkpiWQW7yo5dXqWWKc1982lC\nOJr1xfkqAw6Se+A9mQ2XB0PDg4v9AYX5DlfvvUtabRhJPvxjy3GuDB5Gbo9Iea6N\npBZhxaOsZqVyUP99wWi21uDa9zGpmekAAAAAAQID\n-----END OPENSSH PRIVATE KEY-----\n",
            "private_key_pem": "-----BEGIN RSA PRIVATE KEY-----\nMIIJKAIBAAKCAgEAxw4+wNB3hGfSghGK/1fQRH6auk3IvmzCjAptx8aab5CZijH9\nY40h+NHy5PbscSdo+SQ9UVUCRIcQspTNQwHVy286JruHp5ofHfcqFoLQ84nuP+Wj\n37TSPJu0cHl80SEfmtWY2iB8kpj1PCI1lwAiZe4vwP32njpdVPj1SXeVyVO7u0kd\nDdbIj7KSz3iK7vpDWuS8XHR6+PMS4f0is7mAOHbs+mgE2g+mtnW+2pCJf9lVF7A8\nZI4JH670QdmdJGvwR4EPACH5/XvcotRXsIvtrnvY3+HR1IwDtgq62T2jYxyIa2dm\nDNrEqWoIfLKbwd54OW8IdooZm/vDGj/k44bBcrApqfcIiOGCmbo85Bnmj1ah66xn\nQ7BkSJsKMv2lHy+Zz04zUYoKUDrRichtFn7rTaxmgBDbspxnnpz80+bqBVJ6WQlD\nAYYdyhJN45quFE2uDHE0kDdMbm8GMWevfMQvmgEs/grhEIWjMDWySR3qc/nlsdQP\nRf/yZfcBmYZxoebxwGpH0EnXPhfZ/tjiu8ShQooPcQVMsK24blPIXv5yDLI48dEy\nM3M6yic0IN7iElPfrFAlrYlyzcxXahUdycLfzrOj9uosK7U448IxnP4lC0xBzInO\nkGPtezfKmDM2+1mlLtrGfaCONvtzSChOKQS80fBBO7EkSoXHKf2rRXYvD3ECAwEA\nAQKCAgAo1Jg0rs5FP5KjkXukgtu6oQmV+4yY2vBRD3aTSv60scF84mIqgHGee1pK\ncwfu8fmLWU6mlzxe2CGpr/Ims4KqNweDmGXsECYf3Goqseywd/OB8dXadlnFit7J\nT3I154h3FydCXvWOkIeFLTM25RUpOWFcQfvLWwd3/ZU626fC40UX1ph6FTuQlj2d\nBwngmT8lrtOgV1g+JoYSCv2KRhux+VsExj9wh1NYC/D5HjrGGctlj4Xjzmq6sAV0\nWHHuXaGs2SE9krqXr0eDsvDFyv4XE1paGhUTdyDvv2WyV/1iwCCPf2ckbd93LMPO\n6EggzUR163ud7RfxsgPEJ6UIssSNJ+UAhOlot0ar1k0LGu/fY6TmR2uws3CNr9Ah\nQ5z3fE936AfeqUJnO2vVBC2VUz4zWKGs8rsQ/7A+Z115fmHtXD6aO1a0fzvM6V8g\nwreQYVXqcER9cOz7BsiE0WTu9HlOyZ7iqSqJ9o00HAdK/OpWb8P2ZEmW3ut2OoBs\ncWTfly4a9TqHVfGCVNhqa/5zTua8bDKyOfJhDQZogXnO1xR20gVoI8vjCi71csfQ\n/Lr/viv26nbXHzv3RLOBr0eEhGZ65K83DubVeAaWOL32Ydut9Jm/Bjs3F0aQYoQG\nlYs5GYEcriAC4HHHOul6lTbKohEKH64jLPURk6Nf5CiN8tkbwQKCAQEA+C152Gvg\nX2hSKCD6EDCw1CpfIj9NUW/mVLt0e/H4RjypGU8pCHudp8MxrpBznLOBAHJkRxAI\naA/3rRCXQd0UPFkbrpXVhPl2+ESz7E1NpTX5Xs4ARQXuSG6mWLX/tDd2gbWQUCUu\nbBlC9sIR6XB2NgFUVSQii4AYaKdLpa3zntgMtI4yFviBfHpuup+wxXTn+hwGkXGn\n99jfJ3lMnCmmaZbxcTxHrHY5251b0udQYDkPmIMbL0gLQjfdKD82p4IgD5hGRHRJ\n0Qzv/O6Bp5dGJ944s4NaaKiK5MloHUDdW7nZwfPXrkDjvF0IjHXYnOK2HnOHx+hW\n3RkX9CXKFHlMSQKCAQEAzVRoc5W26TcSLHUzaZM9+7Xq39oSnBkY2wBvtcduagWQ\njed6Rp3xIp9tX002CPrx2Pi+fLBOAErQqy2170YJ5Y0I/G6ZOCcLiJAWQt89vPkd\n3bCgo7al3HIcjS4A5FEfk4thduqrmI4L65jOZ8Xt9Q3vE9tn2VT5LPPaGQgQ2V53\nCAVwGtI9MzX8d5jFO/V28Cy6cQaRNKLggm+hRLjB34JUS4uuYRhmSmJZBbvKjl1e\npZYpzX3zaUI4mvXF+SoDDpJ74D2ZDZcHQ8ODi/0BhfkOV++9S1ptGEk+/GPLca4M\nHkZuj0h5ro2kFmHFo6xmpXJQ/33BaLbW4Nr3MamZ6QKCAQEAiEbYeHnMLDepnXV2\nOvuxrd9SfAjMmSJcFT0WGpVlIpReupIYUxsmGB/8IQIbKfn7pVYrMEZih1n1Q+gv\nVrBiUz0PEVAffjRKGswHDIPqVgUMWP2/cidukAGKgH332mr2PQWJKCkyk5NPjRZG\nJaxmjQMv3szH11hQju8GgATEGP5EA8VtReXRnJvSP9I+jD7EvzcyeB00Acnpx9A4\nvCu2wJZtICPcq5wD608+Q9JW9W9/29xqSg1CeWsZmucTSOoQVt/j/eTpP8zd30LM\nmU1c7bl94z0GoR+jnTvnWuDqbFriczlFvt7M7vsbHZ38gzGOlawU7DXttNz5pUw2\n6gUtWQKCAQB/7mR6B8EEQ7TGEGvtDrmi2DC0Moo/yf9LjFUN3Gk2E6uCTsRHtWal\nnNGnfFL7e2cuOaVtyOeAlRy4Wu2tXGUUKjB8H2jFrMYp2ySTm8Y6tLhgBQnBly52\nUH7rk8sodkcHReN/FS2/Clnw+682xwLBGWJpa92jcqch0/mCeR0OYiYl0EWN4IoT\nG0LnPT8+YW0urZ+ohl/4fLcHbgf76mWZHfnpa+lFQ8+P7wDqapwE4bXz08DN8Pi1\nD3Z3TkSAPyXScYBPMfHnnr7/AJU4pnXJhGjkb1Hw3jF03UYqOP9sH/Ya8uU1zwFJ\nuaSP8XETznnSAYzn8vGLjcgKJ0O3JKXpAoIBAESAj4MkbV+aMRzACA6B++d3En85\nUfEjU4vDtyli1NKdBQa5ShCG9ynBsQ2kmnL9M+QBHOTMuNChGCHHd76d6eBwbMa4\n1oZNs5AyhmUV8kRefoW9oaQwZJ1PYFUNsVW3x0Ny0eI5RSrJRnFD8aJF2poal/YS\nMQR9E7ccfjgW3DfPp2Xn3UPvXn8Q54jHbKWblDXvy1p1QhlDJNo4NMRRMHOuVInh\nOtOKecnZ4CyspZEzNAITkmxW8F/PQTrORPA+9ikC40byPJUwcuL9jroQXXRzv9FT\n8bQK7FVLT4KG6xSiMLRvdd7imZ8Td8dmq5tf5xSrppxBo3fYP3yHxP09jFE=\n-----END RSA PRIVATE KEY-----\n",
            "private_key_pem_pkcs8": "-----BEGIN PRIVATE KEY-----\nMIIJQgIBADANBgkqhkiG9w0BAQEFAASCCSwwggkoAgEAAoICAQDHDj7A0HeEZ9KC\nEYr/V9BEfpq6Tci+bMKMCm3HxppvkJmKMf1jjSH40fLk9uxxJ2j5JD1RVQJEhxCy\nlM1DAdXLbzomu4enmh8d9yoWgtDzie4/5aPftNI8m7RweXzRIR+a1ZjaIHySmPU8\nIjWXACJl7i/A/faeOl1U+PVJd5XJU7u7SR0N1siPspLPeIru+kNa5LxcdHr48xLh\n/SKzuYA4duz6aATaD6a2db7akIl/2VUXsDxkjgkfrvRB2Z0ka/BHgQ8AIfn9e9yi\n1Fewi+2ue9jf4dHUjAO2CrrZPaNjHIhrZ2YM2sSpagh8spvB3ng5bwh2ihmb+8Ma\nP+TjhsFysCmp9wiI4YKZujzkGeaPVqHrrGdDsGRImwoy/aUfL5nPTjNRigpQOtGJ\nyG0WfutNrGaAENuynGeenPzT5uoFUnpZCUMBhh3KEk3jmq4UTa4McTSQN0xubwYx\nZ698xC+aASz+CuEQhaMwNbJJHepz+eWx1A9F//Jl9wGZhnGh5vHAakfQSdc+F9n+\n2OK7xKFCig9xBUywrbhuU8he/nIMsjjx0TIzczrKJzQg3uISU9+sUCWtiXLNzFdq\nFR3Jwt/Os6P26iwrtTjjwjGc/iULTEHMic6QY+17N8qYMzb7WaUu2sZ9oI42+3NI\nKE4pBLzR8EE7sSRKhccp/atFdi8PcQIDAQABAoICACjUmDSuzkU/kqORe6SC27qh\nCZX7jJja8FEPdpNK/rSxwXziYiqAcZ57WkpzB+7x+YtZTqaXPF7YIamv8iazgqo3\nB4OYZewQJh/caiqx7LB384Hx1dp2WcWK3slPcjXniHcXJ0Je9Y6Qh4UtMzblFSk5\nYVxB+8tbB3f9lTrbp8LjRRfWmHoVO5CWPZ0HCeCZPyWu06BXWD4mhhIK/YpGG7H5\nWwTGP3CHU1gL8PkeOsYZy2WPhePOarqwBXRYce5doazZIT2SupevR4Oy8MXK/hcT\nWloaFRN3IO+/ZbJX/WLAII9/ZyRt33csw87oSCDNRHXre53tF/GyA8QnpQiyxI0n\n5QCE6Wi3RqvWTQsa799jpOZHa7CzcI2v0CFDnPd8T3foB96pQmc7a9UELZVTPjNY\noazyuxD/sD5nXXl+Ye1cPpo7VrR/O8zpXyDCt5BhVepwRH1w7PsGyITRZO70eU7J\nnuKpKon2jTQcB0r86lZvw/ZkSZbe63Y6gGxxZN+XLhr1OodV8YJU2Gpr/nNO5rxs\nMrI58mENBmiBec7XFHbSBWgjy+MKLvVyx9D8uv++K/bqdtcfO/dEs4GvR4SEZnrk\nrzcO5tV4BpY4vfZh2630mb8GOzcXRpBihAaVizkZgRyuIALgccc66XqVNsqiEQof\nriMs9RGTo1/kKI3y2RvBAoIBAQD4LXnYa+BfaFIoIPoQMLDUKl8iP01Rb+ZUu3R7\n8fhGPKkZTykIe52nwzGukHOcs4EAcmRHEAhoD/etEJdB3RQ8WRuuldWE+Xb4RLPs\nTU2lNflezgBFBe5IbqZYtf+0N3aBtZBQJS5sGUL2whHpcHY2AVRVJCKLgBhop0ul\nrfOe2Ay0jjIW+IF8em66n7DFdOf6HAaRcaf32N8neUycKaZplvFxPEesdjnbnVvS\n51BgOQ+YgxsvSAtCN90oPzangiAPmEZEdEnRDO/87oGnl0Yn3jizg1poqIrkyWgd\nQN1budnB89euQOO8XQiMddic4rYec4fH6FbdGRf0JcoUeUxJAoIBAQDNVGhzlbbp\nNxIsdTNpkz37terf2hKcGRjbAG+1x25qBZCN53pGnfEin21fTTYI+vHY+L58sE4A\nStCrLbXvRgnljQj8bpk4JwuIkBZC3z28+R3dsKCjtqXcchyNLgDkUR+Ti2F26quY\njgvrmM5nxe31De8T22fZVPks89oZCBDZXncIBXAa0j0zNfx3mMU79XbwLLpxBpE0\nouCCb6FEuMHfglRLi65hGGZKYlkFu8qOXV6llinNffNpQjia9cX5KgMOknvgPZkN\nlwdDw4OL/QGF+Q5X771LWm0YST78Y8txrgweRm6PSHmujaQWYcWjrGalclD/fcFo\nttbg2vcxqZnpAoIBAQCIRth4ecwsN6mddXY6+7Gt31J8CMyZIlwVPRYalWUilF66\nkhhTGyYYH/whAhsp+fulViswRmKHWfVD6C9WsGJTPQ8RUB9+NEoazAcMg+pWBQxY\n/b9yJ26QAYqAfffaavY9BYkoKTKTk0+NFkYlrGaNAy/ezMfXWFCO7waABMQY/kQD\nxW1F5dGcm9I/0j6MPsS/NzJ4HTQByenH0Di8K7bAlm0gI9yrnAPrTz5D0lb1b3/b\n3GpKDUJ5axma5xNI6hBW3+P95Ok/zN3fQsyZTVztuX3jPQahH6OdO+da4OpsWuJz\nOUW+3szu+xsdnfyDMY6VrBTsNe203PmlTDbqBS1ZAoIBAH/uZHoHwQRDtMYQa+0O\nuaLYMLQyij/J/0uMVQ3caTYTq4JOxEe1ZqWc0ad8Uvt7Zy45pW3I54CVHLha7a1c\nZRQqMHwfaMWsxinbJJObxjq0uGAFCcGXLnZQfuuTyyh2RwdF438VLb8KWfD7rzbH\nAsEZYmlr3aNypyHT+YJ5HQ5iJiXQRY3gihMbQuc9Pz5hbS6tn6iGX/h8twduB/vq\nZZkd+elr6UVDz4/vAOpqnAThtfPTwM3w+LUPdndORIA/JdJxgE8x8eeevv8AlTim\ndcmEaORvUfDeMXTdRio4/2wf9hry5TXPAUm5pI/xcRPOedIBjOfy8YuNyAonQ7ck\npekCggEARICPgyRtX5oxHMAIDoH753cSfzlR8SNTi8O3KWLU0p0FBrlKEIb3KcGx\nDaSacv0z5AEc5My40KEYIcd3vp3p4HBsxrjWhk2zkDKGZRXyRF5+hb2hpDBknU9g\nVQ2xVbfHQ3LR4jlFKslGcUPxokXamhqX9hIxBH0Ttxx+OBbcN8+nZefdQ+9efxDn\niMdspZuUNe/LWnVCGUMk2jg0xFEwc65UieE604p5ydngLKylkTM0AhOSbFbwX89B\nOs5E8D72KQLjRvI8lTBy4v2OuhBddHO/0VPxtArsVUtPgobrFKIwtG913uKZnxN3\nx2arm1/nFKumnEGjd9g/fIfE/T2MUQ==\n-----END PRIVATE KEY-----\n",
            "public_key_fingerprint_md5": "6c:3c:86:d7:c2:0f:fb:da:7b:5b:03:52:65:57:af:67",
            "public_key_fingerprint_sha256": "SHA256:ijld8U4Fq833H9JE7hpKeJw6UNQ3QSuI169ltndBBAg",
            "public_key_openssh": "ssh-rsa AAAAB3NzaC1yc2EAAAADAQABAAACAQDHDj7A0HeEZ9KCEYr/V9BEfpq6Tci+bMKMCm3HxppvkJmKMf1jjSH40fLk9uxxJ2j5JD1RVQJEhxCylM1DAdXLbzomu4enmh8d9yoWgtDzie4/5aPftNI8m7RweXzRIR+a1ZjaIHySmPU8IjWXACJl7i/A/faeOl1U+PVJd5XJU7u7SR0N1siPspLPeIru+kNa5LxcdHr48xLh/SKzuYA4duz6aATaD6a2db7akIl/2VUXsDxkjgkfrvRB2Z0ka/BHgQ8AIfn9e9yi1Fewi+2ue9jf4dHUjAO2CrrZPaNjHIhrZ2YM2sSpagh8spvB3ng5bwh2ihmb+8MaP+TjhsFysCmp9wiI4YKZujzkGeaPVqHrrGdDsGRImwoy/aUfL5nPTjNRigpQOtGJyG0WfutNrGaAENuynGeenPzT5uoFUnpZCUMBhh3KEk3jmq4UTa4McTSQN0xubwYxZ698xC+aASz+CuEQhaMwNbJJHepz+eWx1A9F//Jl9wGZhnGh5vHAakfQSdc+F9n+2OK7xKFCig9xBUywrbhuU8he/nIMsjjx0TIzczrKJzQg3uISU9+sUCWtiXLNzFdqFR3Jwt/Os6P26iwrtTjjwjGc/iULTEHMic6QY+17N8qYMzb7WaUu2sZ9oI42+3NIKE4pBLzR8EE7sSRKhccp/atFdi8PcQ==\n",
            "public_key_pem": "-----BEGIN PUBLIC KEY-----\nMIICIjANBgkqhkiG9w0BAQEFAAOCAg8AMIICCgKCAgEAxw4+wNB3hGfSghGK/1fQ\nRH6auk3IvmzCjAptx8aab5CZijH9Y40h+NHy5PbscSdo+SQ9UVUCRIcQspTNQwHV\ny286JruHp5ofHfcqFoLQ84nuP+Wj37TSPJu0cHl80SEfmtWY2iB8kpj1PCI1lwAi\nZe4vwP32njpdVPj1SXeVyVO7u0kdDdbIj7KSz3iK7vpDWuS8XHR6+PMS4f0is7mA\nOHbs+mgE2g+mtnW+2pCJf9lVF7A8ZI4JH670QdmdJGvwR4EPACH5/XvcotRXsIvt\nrnvY3+HR1IwDtgq62T2jYxyIa2dmDNrEqWoIfLKbwd54OW8IdooZm/vDGj/k44bB\ncrApqfcIiOGCmbo85Bnmj1ah66xnQ7BkSJsKMv2lHy+Zz04zUYoKUDrRichtFn7r\nTaxmgBDbspxnnpz80+bqBVJ6WQlDAYYdyhJN45quFE2uDHE0kDdMbm8GMWevfMQv\nmgEs/grhEIWjMDWySR3qc/nlsdQPRf/yZfcBmYZxoebxwGpH0EnXPhfZ/tjiu8Sh\nQooPcQVMsK24blPIXv5yDLI48dEyM3M6yic0IN7iElPfrFAlrYlyzcxXahUdycLf\nzrOj9uosK7U448IxnP4lC0xBzInOkGPtezfKmDM2+1mlLtrGfaCONvtzSChOKQS8\n0fBBO7EkSoXHKf2rRXYvD3ECAwEAAQ==\n-----END PUBLIC KEY-----\n",
            "rsa_bits": 4096
          },
          "sensitive_attributes": []
        }
      ]
    },
    {
      "module": "module.glue_catalog_crawler[\"raw_finance\"]",
      "mode": "managed",
      "type": "aws_glue_catalog_database",
      "name": "database",
      "provider": "provider[\"registry.terraform.io/hashicorp/aws\"]",
      "instances": [
        {
          "schema_version": 0,
          "attributes": {
            "arn": "arn:aws:glue:us-east-1:770802840260:database/raw_finance",
            "catalog_id": "770802840260",
            "create_table_default_permission": [
              {
                "permissions": [
                  "ALL"
                ],
                "principal": [
                  {
                    "data_lake_principal_identifier": "IAM_ALLOWED_PRINCIPALS"
                  }
                ]
              }
            ],
            "description": "",
            "id": "770802840260:raw_finance",
            "location_uri": "",
            "name": "raw_finance",
            "parameters": {},
            "tags": {},
            "tags_all": {},
            "target_database": []
          },
          "sensitive_attributes": [],
          "private": "bnVsbA=="
        }
      ]
    },
    {
      "module": "module.glue_catalog_crawler[\"raw_finance\"]",
      "mode": "managed",
      "type": "aws_glue_crawler",
      "name": "glue_crawler",
      "provider": "provider[\"registry.terraform.io/hashicorp/aws\"]",
      "instances": [
        {
          "schema_version": 0,
          "attributes": {
            "arn": "arn:aws:glue:us-east-1:770802840260:crawler/raw_finance",
            "catalog_target": [],
            "classifiers": [],
            "configuration": "{\"Version\":1.0,\"CrawlerOutput\":{\"Partitions\":{\"AddOrUpdateBehavior\":\"InheritFromTable\"}},\"Grouping\":{\"TableLevelConfiguration\":3}}",
            "database_name": "raw_finance",
            "delta_target": [],
            "description": "",
            "dynamodb_target": [],
            "hudi_target": [],
            "iceberg_target": [],
            "id": "raw_finance",
            "jdbc_target": [],
            "lake_formation_configuration": [
              {
                "account_id": "",
                "use_lake_formation_credentials": false
              }
            ],
            "lineage_configuration": [
              {
                "crawler_lineage_settings": "DISABLE"
              }
            ],
            "mongodb_target": [],
            "name": "raw_finance",
            "recrawl_policy": [
              {
                "recrawl_behavior": "CRAWL_EVERYTHING"
              }
            ],
            "role": "glue_role",
            "s3_target": [
              {
                "connection_name": "",
                "dlq_event_queue_arn": "",
                "event_queue_arn": "",
                "exclusions": [],
                "path": "s3://datalake-core-raw/database=raw_finance/",
                "sample_size": 0
              }
            ],
            "schedule": "",
            "schema_change_policy": [
              {
                "delete_behavior": "DEPRECATE_IN_DATABASE",
                "update_behavior": "UPDATE_IN_DATABASE"
              }
            ],
            "security_configuration": "",
            "table_prefix": "",
            "tags": {},
            "tags_all": {}
          },
          "sensitive_attributes": [],
          "private": "bnVsbA==",
          "dependencies": [
            "module.iam.aws_iam_policy.glue_catalog_policy",
            "module.iam.aws_iam_policy.glue_cloudwatch_policy",
            "module.iam.aws_iam_policy.glue_s3_policy",
            "module.iam.aws_iam_role.glue_role",
            "module.s3_buckets.module.s3_glue_job_scripts.aws_s3_bucket.s3_bucket",
            "module.s3_buckets.module.s3_glue_job_scripts.aws_s3_bucket_acl.s3_bucket",
            "module.s3_buckets.module.s3_glue_job_scripts.aws_s3_bucket_ownership_controls.s3_bucket",
            "module.s3_buckets.module.s3_raw.aws_s3_bucket.s3_bucket",
            "module.s3_buckets.module.s3_raw.aws_s3_bucket_acl.s3_bucket",
            "module.s3_buckets.module.s3_raw.aws_s3_bucket_ownership_controls.s3_bucket",
            "module.s3_buckets.module.s3_refined.aws_s3_bucket.s3_bucket",
            "module.s3_buckets.module.s3_refined.aws_s3_bucket_acl.s3_bucket",
            "module.s3_buckets.module.s3_refined.aws_s3_bucket_ownership_controls.s3_bucket",
            "module.s3_buckets.module.s3_trusted.aws_s3_bucket.s3_bucket",
            "module.s3_buckets.module.s3_trusted.aws_s3_bucket_acl.s3_bucket",
            "module.s3_buckets.module.s3_trusted.aws_s3_bucket_ownership_controls.s3_bucket"
          ]
        }
      ]
    },
    {
      "module": "module.glue_catalog_crawler[\"refined_finance\"]",
      "mode": "managed",
      "type": "aws_glue_catalog_database",
      "name": "database",
      "provider": "provider[\"registry.terraform.io/hashicorp/aws\"]",
      "instances": [
        {
          "schema_version": 0,
          "attributes": {
            "arn": "arn:aws:glue:us-east-1:770802840260:database/refined_finance",
            "catalog_id": "770802840260",
            "create_table_default_permission": [
              {
                "permissions": [
                  "ALL"
                ],
                "principal": [
                  {
                    "data_lake_principal_identifier": "IAM_ALLOWED_PRINCIPALS"
                  }
                ]
              }
            ],
            "description": "",
            "id": "770802840260:refined_finance",
            "location_uri": "",
            "name": "refined_finance",
            "parameters": {},
            "tags": {},
            "tags_all": {},
            "target_database": []
          },
          "sensitive_attributes": [],
          "private": "bnVsbA=="
        }
      ]
    },
    {
      "module": "module.glue_catalog_crawler[\"refined_finance\"]",
      "mode": "managed",
      "type": "aws_glue_crawler",
      "name": "glue_crawler",
      "provider": "provider[\"registry.terraform.io/hashicorp/aws\"]",
      "instances": [
        {
          "schema_version": 0,
          "attributes": {
            "arn": "arn:aws:glue:us-east-1:770802840260:crawler/refined_finance",
            "catalog_target": [],
            "classifiers": [],
            "configuration": "{\"Version\":1.0,\"CrawlerOutput\":{\"Partitions\":{\"AddOrUpdateBehavior\":\"InheritFromTable\"}},\"Grouping\":{\"TableLevelConfiguration\":3}}",
            "database_name": "refined_finance",
            "delta_target": [],
            "description": "",
            "dynamodb_target": [],
            "hudi_target": [],
            "iceberg_target": [],
            "id": "refined_finance",
            "jdbc_target": [],
            "lake_formation_configuration": [
              {
                "account_id": "",
                "use_lake_formation_credentials": false
              }
            ],
            "lineage_configuration": [
              {
                "crawler_lineage_settings": "DISABLE"
              }
            ],
            "mongodb_target": [],
            "name": "refined_finance",
            "recrawl_policy": [
              {
                "recrawl_behavior": "CRAWL_EVERYTHING"
              }
            ],
            "role": "glue_role",
            "s3_target": [
              {
                "connection_name": "",
                "dlq_event_queue_arn": "",
                "event_queue_arn": "",
                "exclusions": [],
                "path": "s3://datalake-core-refined/database=refined_finance/",
                "sample_size": 0
              }
            ],
            "schedule": "",
            "schema_change_policy": [
              {
                "delete_behavior": "DEPRECATE_IN_DATABASE",
                "update_behavior": "UPDATE_IN_DATABASE"
              }
            ],
            "security_configuration": "",
            "table_prefix": "",
            "tags": {},
            "tags_all": {}
          },
          "sensitive_attributes": [],
          "private": "bnVsbA==",
          "dependencies": [
            "module.iam.aws_iam_policy.glue_catalog_policy",
            "module.iam.aws_iam_policy.glue_cloudwatch_policy",
            "module.iam.aws_iam_policy.glue_s3_policy",
            "module.iam.aws_iam_role.glue_role",
            "module.s3_buckets.module.s3_glue_job_scripts.aws_s3_bucket.s3_bucket",
            "module.s3_buckets.module.s3_glue_job_scripts.aws_s3_bucket_acl.s3_bucket",
            "module.s3_buckets.module.s3_glue_job_scripts.aws_s3_bucket_ownership_controls.s3_bucket",
            "module.s3_buckets.module.s3_raw.aws_s3_bucket.s3_bucket",
            "module.s3_buckets.module.s3_raw.aws_s3_bucket_acl.s3_bucket",
            "module.s3_buckets.module.s3_raw.aws_s3_bucket_ownership_controls.s3_bucket",
            "module.s3_buckets.module.s3_refined.aws_s3_bucket.s3_bucket",
            "module.s3_buckets.module.s3_refined.aws_s3_bucket_acl.s3_bucket",
            "module.s3_buckets.module.s3_refined.aws_s3_bucket_ownership_controls.s3_bucket",
            "module.s3_buckets.module.s3_trusted.aws_s3_bucket.s3_bucket",
            "module.s3_buckets.module.s3_trusted.aws_s3_bucket_acl.s3_bucket",
            "module.s3_buckets.module.s3_trusted.aws_s3_bucket_ownership_controls.s3_bucket"
          ]
        }
      ]
    },
    {
      "module": "module.glue_catalog_crawler[\"trusted_finance\"]",
      "mode": "managed",
      "type": "aws_glue_catalog_database",
      "name": "database",
      "provider": "provider[\"registry.terraform.io/hashicorp/aws\"]",
      "instances": [
        {
          "schema_version": 0,
          "attributes": {
            "arn": "arn:aws:glue:us-east-1:770802840260:database/trusted_finance",
            "catalog_id": "770802840260",
            "create_table_default_permission": [
              {
                "permissions": [
                  "ALL"
                ],
                "principal": [
                  {
                    "data_lake_principal_identifier": "IAM_ALLOWED_PRINCIPALS"
                  }
                ]
              }
            ],
            "description": "",
            "id": "770802840260:trusted_finance",
            "location_uri": "",
            "name": "trusted_finance",
            "parameters": {},
            "tags": {},
            "tags_all": {},
            "target_database": []
          },
          "sensitive_attributes": [],
          "private": "bnVsbA=="
        }
      ]
    },
    {
      "module": "module.glue_catalog_crawler[\"trusted_finance\"]",
      "mode": "managed",
      "type": "aws_glue_crawler",
      "name": "glue_crawler",
      "provider": "provider[\"registry.terraform.io/hashicorp/aws\"]",
      "instances": [
        {
          "schema_version": 0,
          "attributes": {
            "arn": "arn:aws:glue:us-east-1:770802840260:crawler/trusted_finance",
            "catalog_target": [],
            "classifiers": [],
            "configuration": "{\"Version\":1.0,\"CrawlerOutput\":{\"Partitions\":{\"AddOrUpdateBehavior\":\"InheritFromTable\"}},\"Grouping\":{\"TableLevelConfiguration\":3}}",
            "database_name": "trusted_finance",
            "delta_target": [],
            "description": "",
            "dynamodb_target": [],
            "hudi_target": [],
            "iceberg_target": [],
            "id": "trusted_finance",
            "jdbc_target": [],
            "lake_formation_configuration": [
              {
                "account_id": "",
                "use_lake_formation_credentials": false
              }
            ],
            "lineage_configuration": [
              {
                "crawler_lineage_settings": "DISABLE"
              }
            ],
            "mongodb_target": [],
            "name": "trusted_finance",
            "recrawl_policy": [
              {
                "recrawl_behavior": "CRAWL_EVERYTHING"
              }
            ],
            "role": "glue_role",
            "s3_target": [
              {
                "connection_name": "",
                "dlq_event_queue_arn": "",
                "event_queue_arn": "",
                "exclusions": [],
                "path": "s3://datalake-core-trusted/database=trusted_finance/",
                "sample_size": 0
              }
            ],
            "schedule": "",
            "schema_change_policy": [
              {
                "delete_behavior": "DEPRECATE_IN_DATABASE",
                "update_behavior": "UPDATE_IN_DATABASE"
              }
            ],
            "security_configuration": "",
            "table_prefix": "",
            "tags": {},
            "tags_all": {}
          },
          "sensitive_attributes": [],
          "private": "bnVsbA==",
          "dependencies": [
            "module.iam.aws_iam_policy.glue_catalog_policy",
            "module.iam.aws_iam_policy.glue_cloudwatch_policy",
            "module.iam.aws_iam_policy.glue_s3_policy",
            "module.iam.aws_iam_role.glue_role",
            "module.s3_buckets.module.s3_glue_job_scripts.aws_s3_bucket.s3_bucket",
            "module.s3_buckets.module.s3_glue_job_scripts.aws_s3_bucket_acl.s3_bucket",
            "module.s3_buckets.module.s3_glue_job_scripts.aws_s3_bucket_ownership_controls.s3_bucket",
            "module.s3_buckets.module.s3_raw.aws_s3_bucket.s3_bucket",
            "module.s3_buckets.module.s3_raw.aws_s3_bucket_acl.s3_bucket",
            "module.s3_buckets.module.s3_raw.aws_s3_bucket_ownership_controls.s3_bucket",
            "module.s3_buckets.module.s3_refined.aws_s3_bucket.s3_bucket",
            "module.s3_buckets.module.s3_refined.aws_s3_bucket_acl.s3_bucket",
            "module.s3_buckets.module.s3_refined.aws_s3_bucket_ownership_controls.s3_bucket",
            "module.s3_buckets.module.s3_trusted.aws_s3_bucket.s3_bucket",
            "module.s3_buckets.module.s3_trusted.aws_s3_bucket_acl.s3_bucket",
            "module.s3_buckets.module.s3_trusted.aws_s3_bucket_ownership_controls.s3_bucket"
          ]
        }
      ]
    },
    {
      "module": "module.glue_jobs",
      "mode": "managed",
      "type": "aws_glue_job",
      "name": "jobs",
      "provider": "provider[\"registry.terraform.io/hashicorp/aws\"]",
      "instances": [
        {
          "index_key": "../../application/jobs/example1.py",
          "schema_version": 0,
          "attributes": {
            "arn": "arn:aws:glue:us-east-1:770802840260:job/example1",
            "command": [
              {
                "name": "glueetl",
                "python_version": "3",
                "runtime": "",
                "script_location": "s3://datalake-core-glue-job-scripts/example1.py"
              }
            ],
            "connections": [],
            "default_arguments": {},
            "description": "",
            "execution_class": "",
            "execution_property": [
              {
                "max_concurrent_runs": 1
              }
            ],
            "glue_version": "4.0",
            "id": "example1",
            "max_capacity": 10,
            "max_retries": 1,
            "name": "example1",
            "non_overridable_arguments": {},
            "notification_property": [],
            "number_of_workers": 10,
            "role_arn": "arn:aws:iam::770802840260:role/glue_role",
            "security_configuration": "",
            "tags": {},
            "tags_all": {},
            "timeout": 3000,
            "worker_type": "G.1X"
          },
          "sensitive_attributes": [],
          "private": "bnVsbA==",
          "dependencies": [
            "module.iam.aws_iam_role.glue_role"
          ]
        }
      ]
    },
    {
      "module": "module.iam",
      "mode": "managed",
      "type": "aws_iam_policy",
      "name": "ecs_task_policy",
      "provider": "provider[\"registry.terraform.io/hashicorp/aws\"]",
      "instances": [
        {
          "schema_version": 0,
          "attributes": {
            "arn": "arn:aws:iam::770802840260:policy/ecs-task-policy",
            "description": "",
            "id": "arn:aws:iam::770802840260:policy/ecs-task-policy",
            "name": "ecs-task-policy",
            "name_prefix": "",
            "path": "/",
            "policy": "{\"Statement\":[{\"Action\":[\"ecr:GetAuthorizationToken\",\"ecr:BatchCheckLayerAvailability\",\"ecr:GetDownloadUrlForLayer\",\"ecr:BatchGetImage\"],\"Effect\":\"Allow\",\"Resource\":\"*\"},{\"Action\":[\"logs:*\"],\"Effect\":\"Allow\",\"Resource\":\"*\"},{\"Action\":[\"s3:*\"],\"Effect\":\"Allow\",\"Resource\":\"*\"},{\"Action\":[\"elasticfilesystem:*\"],\"Effect\":\"Allow\",\"Resource\":\"*\"}],\"Version\":\"2012-10-17\"}",
            "policy_id": "ANPA3G53N6LCONY3CGIPU",
            "tags": {},
            "tags_all": {}
          },
          "sensitive_attributes": [],
          "private": "bnVsbA=="
        }
      ]
    },
    {
      "module": "module.iam",
      "mode": "managed",
      "type": "aws_iam_policy",
      "name": "glue_catalog_policy",
      "provider": "provider[\"registry.terraform.io/hashicorp/aws\"]",
      "instances": [
        {
          "schema_version": 0,
          "attributes": {
            "arn": "arn:aws:iam::770802840260:policy/glue_catalog_policy",
            "description": "",
            "id": "arn:aws:iam::770802840260:policy/glue_catalog_policy",
            "name": "glue_catalog_policy",
            "name_prefix": "",
            "path": "/",
            "policy": "{\"Statement\":[{\"Action\":[\"glue:GetDatabase\",\"glue:UpdateTable\",\"glue:GetTable\"],\"Effect\":\"Allow\",\"Resource\":[\"*\"]}],\"Version\":\"2012-10-17\"}",
            "policy_id": "ANPA3G53N6LCON3M6JAPF",
            "tags": {},
            "tags_all": {}
          },
          "sensitive_attributes": [],
          "private": "bnVsbA=="
        }
      ]
    },
    {
      "module": "module.iam",
      "mode": "managed",
      "type": "aws_iam_policy",
      "name": "glue_cloudwatch_policy",
      "provider": "provider[\"registry.terraform.io/hashicorp/aws\"]",
      "instances": [
        {
          "schema_version": 0,
          "attributes": {
            "arn": "arn:aws:iam::770802840260:policy/glue_cloudwatch_policy",
            "description": "",
            "id": "arn:aws:iam::770802840260:policy/glue_cloudwatch_policy",
            "name": "glue_cloudwatch_policy",
            "name_prefix": "",
            "path": "/",
            "policy": "{\"Statement\":[{\"Action\":[\"logs:CreateLogGroup\",\"logs:CreateLogStream\",\"logs:PutLogEvents\"],\"Effect\":\"Allow\",\"Resource\":\"arn:aws:logs:*:*:*\"}],\"Version\":\"2012-10-17\"}",
            "policy_id": "ANPA3G53N6LCK3IN24SQ6",
            "tags": {},
            "tags_all": {}
          },
          "sensitive_attributes": [],
          "private": "bnVsbA=="
        }
      ]
    },
    {
      "module": "module.iam",
      "mode": "managed",
      "type": "aws_iam_policy",
      "name": "glue_s3_policy",
      "provider": "provider[\"registry.terraform.io/hashicorp/aws\"]",
      "instances": [
        {
          "schema_version": 0,
          "attributes": {
            "arn": "arn:aws:iam::770802840260:policy/glue_s3_policy",
            "description": "",
            "id": "arn:aws:iam::770802840260:policy/glue_s3_policy",
            "name": "glue_s3_policy",
            "name_prefix": "",
            "path": "/",
            "policy": "{\"Statement\":[{\"Action\":[\"s3:GetObject\",\"s3:ListBucket\"],\"Effect\":\"Allow\",\"Resource\":[\"arn:aws:s3:::datalake-core-raw\",\"arn:aws:s3:::datalake-core-raw/*\",\"arn:aws:s3:::datalake-core-trusted\",\"arn:aws:s3:::datalake-core-trusted/*\",\"arn:aws:s3:::datalake-core-refined\",\"arn:aws:s3:::datalake-core-refined/*\",\"arn:aws:s3:::datalake-core-glue-job-scripts\",\"arn:aws:s3:::datalake-core-glue-job-scripts/*\"]}],\"Version\":\"2012-10-17\"}",
            "policy_id": "ANPA3G53N6LCIX76BCDH2",
            "tags": {},
            "tags_all": {}
          },
          "sensitive_attributes": [],
          "private": "bnVsbA==",
          "dependencies": [
            "module.s3_buckets.module.s3_glue_job_scripts.aws_s3_bucket.s3_bucket",
            "module.s3_buckets.module.s3_glue_job_scripts.aws_s3_bucket_acl.s3_bucket",
            "module.s3_buckets.module.s3_glue_job_scripts.aws_s3_bucket_ownership_controls.s3_bucket",
            "module.s3_buckets.module.s3_raw.aws_s3_bucket.s3_bucket",
            "module.s3_buckets.module.s3_raw.aws_s3_bucket_acl.s3_bucket",
            "module.s3_buckets.module.s3_raw.aws_s3_bucket_ownership_controls.s3_bucket",
            "module.s3_buckets.module.s3_refined.aws_s3_bucket.s3_bucket",
            "module.s3_buckets.module.s3_refined.aws_s3_bucket_acl.s3_bucket",
            "module.s3_buckets.module.s3_refined.aws_s3_bucket_ownership_controls.s3_bucket",
            "module.s3_buckets.module.s3_trusted.aws_s3_bucket.s3_bucket",
            "module.s3_buckets.module.s3_trusted.aws_s3_bucket_acl.s3_bucket",
            "module.s3_buckets.module.s3_trusted.aws_s3_bucket_ownership_controls.s3_bucket"
          ]
        }
      ]
    },
    {
      "module": "module.iam",
      "mode": "managed",
      "type": "aws_iam_role",
      "name": "ecs_task_role",
      "provider": "provider[\"registry.terraform.io/hashicorp/aws\"]",
      "instances": [
        {
          "schema_version": 0,
          "attributes": {
            "arn": "arn:aws:iam::770802840260:role/ecs-task-role",
            "assume_role_policy": "{\"Statement\":[{\"Action\":\"sts:AssumeRole\",\"Effect\":\"Allow\",\"Principal\":{\"Service\":\"ecs-tasks.amazonaws.com\"},\"Sid\":\"\"}],\"Version\":\"2012-10-17\"}",
            "create_date": "2023-11-02T16:42:06Z",
            "description": "Allow ECS tasks to access AWS resources",
            "force_detach_policies": false,
            "id": "ecs-task-role",
            "inline_policy": [
              {
                "name": "ecs-task-policy",
                "policy": "{\"Version\":\"2012-10-17\",\"Statement\":[{\"Action\":[\"ecr:GetAuthorizationToken\",\"ecr:BatchCheckLayerAvailability\",\"ecr:GetDownloadUrlForLayer\",\"ecr:BatchGetImage\"],\"Effect\":\"Allow\",\"Resource\":\"*\"},{\"Action\":[\"logs:*\"],\"Effect\":\"Allow\",\"Resource\":\"*\"},{\"Action\":[\"s3:*\"],\"Effect\":\"Allow\",\"Resource\":\"*\"},{\"Action\":[\"elasticfilesystem:*\"],\"Effect\":\"Allow\",\"Resource\":\"*\"}]}"
              }
            ],
            "managed_policy_arns": [],
            "max_session_duration": 3600,
            "name": "ecs-task-role",
            "name_prefix": "",
            "path": "/",
            "permissions_boundary": null,
            "tags": {},
            "tags_all": {},
            "unique_id": "AROA3G53N6LCCRDGLUZFM"
          },
          "sensitive_attributes": [],
          "private": "bnVsbA==",
          "dependencies": [
            "module.iam.aws_iam_policy.ecs_task_policy"
          ]
        }
      ]
    },
    {
      "module": "module.iam",
      "mode": "managed",
      "type": "aws_iam_role",
      "name": "glue_role",
      "provider": "provider[\"registry.terraform.io/hashicorp/aws\"]",
      "instances": [
        {
          "schema_version": 0,
          "attributes": {
            "arn": "arn:aws:iam::770802840260:role/glue_role",
            "assume_role_policy": "{\"Statement\":[{\"Action\":\"sts:AssumeRole\",\"Effect\":\"Allow\",\"Principal\":{\"Service\":\"glue.amazonaws.com\"}}],\"Version\":\"2012-10-17\"}",
            "create_date": "2023-11-02T16:42:50Z",
            "description": "",
            "force_detach_policies": false,
            "id": "glue_role",
            "inline_policy": [
              {
                "name": "glue_catalog_policy",
                "policy": "{\"Version\":\"2012-10-17\",\"Statement\":[{\"Action\":[\"glue:GetDatabase\",\"glue:UpdateTable\",\"glue:GetTable\"],\"Effect\":\"Allow\",\"Resource\":[\"*\"]}]}"
              },
              {
                "name": "glue_cloudwatch_policy",
                "policy": "{\"Version\":\"2012-10-17\",\"Statement\":[{\"Action\":[\"logs:CreateLogGroup\",\"logs:CreateLogStream\",\"logs:PutLogEvents\"],\"Effect\":\"Allow\",\"Resource\":\"arn:aws:logs:*:*:*\"}]}"
              },
              {
                "name": "glue_s3_policy",
                "policy": "{\"Version\":\"2012-10-17\",\"Statement\":[{\"Action\":[\"s3:GetObject\",\"s3:ListBucket\"],\"Effect\":\"Allow\",\"Resource\":[\"arn:aws:s3:::datalake-core-raw\",\"arn:aws:s3:::datalake-core-raw/*\",\"arn:aws:s3:::datalake-core-trusted\",\"arn:aws:s3:::datalake-core-trusted/*\",\"arn:aws:s3:::datalake-core-refined\",\"arn:aws:s3:::datalake-core-refined/*\",\"arn:aws:s3:::datalake-core-glue-job-scripts\",\"arn:aws:s3:::datalake-core-glue-job-scripts/*\"]}]}"
              }
            ],
            "managed_policy_arns": [
              "arn:aws:iam::aws:policy/service-role/AWSGlueServiceRole"
            ],
            "max_session_duration": 3600,
            "name": "glue_role",
            "name_prefix": "",
            "path": "/",
            "permissions_boundary": null,
            "tags": {},
            "tags_all": {},
            "unique_id": "AROA3G53N6LCGHJIODSUM"
          },
          "sensitive_attributes": [],
          "private": "bnVsbA==",
          "dependencies": [
            "module.iam.aws_iam_policy.glue_catalog_policy",
            "module.iam.aws_iam_policy.glue_cloudwatch_policy",
            "module.iam.aws_iam_policy.glue_s3_policy",
            "module.s3_buckets.module.s3_glue_job_scripts.aws_s3_bucket.s3_bucket",
            "module.s3_buckets.module.s3_glue_job_scripts.aws_s3_bucket_acl.s3_bucket",
            "module.s3_buckets.module.s3_glue_job_scripts.aws_s3_bucket_ownership_controls.s3_bucket",
            "module.s3_buckets.module.s3_raw.aws_s3_bucket.s3_bucket",
            "module.s3_buckets.module.s3_raw.aws_s3_bucket_acl.s3_bucket",
            "module.s3_buckets.module.s3_raw.aws_s3_bucket_ownership_controls.s3_bucket",
            "module.s3_buckets.module.s3_refined.aws_s3_bucket.s3_bucket",
            "module.s3_buckets.module.s3_refined.aws_s3_bucket_acl.s3_bucket",
            "module.s3_buckets.module.s3_refined.aws_s3_bucket_ownership_controls.s3_bucket",
            "module.s3_buckets.module.s3_trusted.aws_s3_bucket.s3_bucket",
            "module.s3_buckets.module.s3_trusted.aws_s3_bucket_acl.s3_bucket",
            "module.s3_buckets.module.s3_trusted.aws_s3_bucket_ownership_controls.s3_bucket"
          ]
        }
      ]
    },
    {
      "module": "module.networking",
      "mode": "managed",
      "type": "aws_internet_gateway",
      "name": "ig",
      "provider": "provider[\"registry.terraform.io/hashicorp/aws\"]",
      "instances": [
        {
          "schema_version": 0,
          "attributes": {
            "arn": "arn:aws:ec2:us-east-1:770802840260:internet-gateway/igw-0ee02f891a050358f",
            "id": "igw-0ee02f891a050358f",
            "owner_id": "770802840260",
            "tags": {
              "Name": "networking-datalake-core"
            },
            "tags_all": {
              "Name": "networking-datalake-core"
            },
            "timeouts": null,
            "vpc_id": "vpc-0f044010ed06ac290"
          },
          "sensitive_attributes": [],
          "private": "eyJlMmJmYjczMC1lY2FhLTExZTYtOGY4OC0zNDM2M2JjN2M0YzAiOnsiY3JlYXRlIjoxMjAwMDAwMDAwMDAwLCJkZWxldGUiOjEyMDAwMDAwMDAwMDAsInVwZGF0ZSI6MTIwMDAwMDAwMDAwMH19",
          "dependencies": [
            "module.networking.aws_vpc.vpc"
          ]
        }
      ]
    },
    {
      "module": "module.networking",
      "mode": "managed",
      "type": "aws_route",
      "name": "default_route_out",
      "provider": "provider[\"registry.terraform.io/hashicorp/aws\"]",
      "instances": [
        {
          "schema_version": 0,
          "attributes": {
            "carrier_gateway_id": "",
            "core_network_arn": "",
            "destination_cidr_block": "0.0.0.0/0",
            "destination_ipv6_cidr_block": "",
            "destination_prefix_list_id": "",
            "egress_only_gateway_id": "",
            "gateway_id": "igw-0ee02f891a050358f",
            "id": "r-rtb-08daefd808da5aa7d1080289494",
            "instance_id": "",
            "instance_owner_id": "",
            "local_gateway_id": "",
            "nat_gateway_id": "",
            "network_interface_id": "",
            "origin": "CreateRoute",
            "route_table_id": "rtb-08daefd808da5aa7d",
            "state": "active",
            "timeouts": null,
            "transit_gateway_id": "",
            "vpc_endpoint_id": "",
            "vpc_peering_connection_id": ""
          },
          "sensitive_attributes": [],
          "private": "eyJlMmJmYjczMC1lY2FhLTExZTYtOGY4OC0zNDM2M2JjN2M0YzAiOnsiY3JlYXRlIjozMDAwMDAwMDAwMDAsImRlbGV0ZSI6MzAwMDAwMDAwMDAwLCJ1cGRhdGUiOjEyMDAwMDAwMDAwMH19",
          "dependencies": [
            "module.networking.aws_internet_gateway.ig",
            "module.networking.aws_route_table.rt",
            "module.networking.aws_vpc.vpc"
          ]
        }
      ]
    },
    {
      "module": "module.networking",
      "mode": "managed",
      "type": "aws_route_table",
      "name": "rt",
      "provider": "provider[\"registry.terraform.io/hashicorp/aws\"]",
      "instances": [
        {
          "schema_version": 0,
          "attributes": {
            "arn": "arn:aws:ec2:us-east-1:770802840260:route-table/rtb-08daefd808da5aa7d",
            "id": "rtb-08daefd808da5aa7d",
            "owner_id": "770802840260",
            "propagating_vgws": [],
            "route": [
              {
                "carrier_gateway_id": "",
                "cidr_block": "0.0.0.0/0",
                "core_network_arn": "",
                "destination_prefix_list_id": "",
                "egress_only_gateway_id": "",
                "gateway_id": "igw-0ee02f891a050358f",
                "ipv6_cidr_block": "",
                "local_gateway_id": "",
                "nat_gateway_id": "",
                "network_interface_id": "",
                "transit_gateway_id": "",
                "vpc_endpoint_id": "",
                "vpc_peering_connection_id": ""
              }
            ],
            "tags": {
              "Name": "networking-datalake-core"
            },
            "tags_all": {
              "Name": "networking-datalake-core"
            },
            "timeouts": null,
            "vpc_id": "vpc-0f044010ed06ac290"
          },
          "sensitive_attributes": [],
          "private": "eyJlMmJmYjczMC1lY2FhLTExZTYtOGY4OC0zNDM2M2JjN2M0YzAiOnsiY3JlYXRlIjozMDAwMDAwMDAwMDAsImRlbGV0ZSI6MzAwMDAwMDAwMDAwLCJ1cGRhdGUiOjEyMDAwMDAwMDAwMH19",
          "dependencies": [
            "module.networking.aws_vpc.vpc"
          ]
        }
      ]
    },
    {
      "module": "module.networking",
      "mode": "managed",
      "type": "aws_route_table_association",
      "name": "rta_airbyte",
      "provider": "provider[\"registry.terraform.io/hashicorp/aws\"]",
      "instances": [
        {
          "schema_version": 0,
          "attributes": {
            "gateway_id": "",
            "id": "rtbassoc-0f98ac712651e1dd0",
            "route_table_id": "rtb-08daefd808da5aa7d",
            "subnet_id": "subnet-0463e6e7705c3220c",
            "timeouts": null
          },
          "sensitive_attributes": [],
          "private": "eyJlMmJmYjczMC1lY2FhLTExZTYtOGY4OC0zNDM2M2JjN2M0YzAiOnsiY3JlYXRlIjozMDAwMDAwMDAwMDAsImRlbGV0ZSI6MzAwMDAwMDAwMDAwLCJ1cGRhdGUiOjEyMDAwMDAwMDAwMH19",
          "dependencies": [
            "module.networking.aws_route_table.rt",
            "module.networking.aws_subnet.public_subnet",
            "module.networking.aws_vpc.vpc"
          ]
        }
      ]
    },
    {
      "module": "module.networking",
      "mode": "managed",
      "type": "aws_route_table_association",
      "name": "rta_airflow",
      "provider": "provider[\"registry.terraform.io/hashicorp/aws\"]",
      "instances": [
        {
          "index_key": "0",
          "schema_version": 0,
          "attributes": {
            "gateway_id": "",
            "id": "rtbassoc-05c91b10652c4f308",
            "route_table_id": "rtb-08daefd808da5aa7d",
            "subnet_id": "subnet-02ad1c5ac9ae794ad",
            "timeouts": null
          },
          "sensitive_attributes": [],
          "private": "eyJlMmJmYjczMC1lY2FhLTExZTYtOGY4OC0zNDM2M2JjN2M0YzAiOnsiY3JlYXRlIjozMDAwMDAwMDAwMDAsImRlbGV0ZSI6MzAwMDAwMDAwMDAwLCJ1cGRhdGUiOjEyMDAwMDAwMDAwMH19",
          "dependencies": [
            "module.networking.aws_route_table.rt",
            "module.networking.aws_subnet.airflow_public_subnet",
            "module.networking.aws_vpc.vpc"
          ]
        },
        {
          "index_key": "1",
          "schema_version": 0,
          "attributes": {
            "gateway_id": "",
            "id": "rtbassoc-0794bec732690b5db",
            "route_table_id": "rtb-08daefd808da5aa7d",
            "subnet_id": "subnet-078c71c4754f23983",
            "timeouts": null
          },
          "sensitive_attributes": [],
          "private": "eyJlMmJmYjczMC1lY2FhLTExZTYtOGY4OC0zNDM2M2JjN2M0YzAiOnsiY3JlYXRlIjozMDAwMDAwMDAwMDAsImRlbGV0ZSI6MzAwMDAwMDAwMDAwLCJ1cGRhdGUiOjEyMDAwMDAwMDAwMH19",
          "dependencies": [
            "module.networking.aws_route_table.rt",
            "module.networking.aws_subnet.airflow_public_subnet",
            "module.networking.aws_vpc.vpc"
          ]
        }
      ]
    },
    {
      "module": "module.networking",
      "mode": "managed",
      "type": "aws_security_group",
      "name": "airbyte",
      "provider": "provider[\"registry.terraform.io/hashicorp/aws\"]",
      "instances": [
        {
          "schema_version": 1,
          "attributes": {
            "arn": "arn:aws:ec2:us-east-1:770802840260:security-group/sg-0e392a1047a29cebe",
            "description": "main security group",
            "egress": [
              {
                "cidr_blocks": [
                  "0.0.0.0/0"
                ],
                "description": "",
                "from_port": 0,
                "ipv6_cidr_blocks": [],
                "prefix_list_ids": [],
                "protocol": "-1",
                "security_groups": [],
                "self": false,
                "to_port": 0
              }
            ],
            "id": "sg-0e392a1047a29cebe",
            "ingress": [
              {
                "cidr_blocks": [
                  "0.0.0.0/0"
                ],
                "description": "",
                "from_port": 22,
                "ipv6_cidr_blocks": [],
                "prefix_list_ids": [],
                "protocol": "tcp",
                "security_groups": [],
                "self": false,
                "to_port": 22
              },
              {
                "cidr_blocks": [
                  "0.0.0.0/0"
                ],
                "description": "",
                "from_port": 8000,
                "ipv6_cidr_blocks": [],
                "prefix_list_ids": [],
                "protocol": "tcp",
                "security_groups": [],
                "self": false,
                "to_port": 8000
              },
              {
                "cidr_blocks": [
                  "0.0.0.0/0"
                ],
                "description": "",
                "from_port": 80,
                "ipv6_cidr_blocks": [],
                "prefix_list_ids": [],
                "protocol": "tcp",
                "security_groups": [],
                "self": false,
                "to_port": 80
              }
            ],
            "name": "security_group_ec2",
            "name_prefix": "",
            "owner_id": "770802840260",
            "revoke_rules_on_delete": false,
            "tags": {
              "Name": "networking-datalake-core"
            },
            "tags_all": {
              "Name": "networking-datalake-core"
            },
            "timeouts": null,
            "vpc_id": "vpc-0f044010ed06ac290"
          },
          "sensitive_attributes": [],
          "private": "eyJlMmJmYjczMC1lY2FhLTExZTYtOGY4OC0zNDM2M2JjN2M0YzAiOnsiY3JlYXRlIjo2MDAwMDAwMDAwMDAsImRlbGV0ZSI6OTAwMDAwMDAwMDAwfSwic2NoZW1hX3ZlcnNpb24iOiIxIn0=",
          "dependencies": [
            "module.networking.aws_vpc.vpc"
          ]
        }
      ]
    },
    {
      "module": "module.networking",
      "mode": "managed",
      "type": "aws_security_group",
      "name": "airflow_flower",
      "provider": "provider[\"registry.terraform.io/hashicorp/aws\"]",
      "instances": [
        {
          "schema_version": 1,
          "attributes": {
            "arn": "arn:aws:ec2:us-east-1:770802840260:security-group/sg-0acf3ef3f6756b850",
            "description": "Allow all inbound traffic for Flower",
            "egress": [
              {
                "cidr_blocks": [
                  "0.0.0.0/0"
                ],
                "description": "",
                "from_port": 0,
                "ipv6_cidr_blocks": [],
                "prefix_list_ids": [],
                "protocol": "-1",
                "security_groups": [],
                "self": false,
                "to_port": 0
              }
            ],
            "id": "sg-0acf3ef3f6756b850",
            "ingress": [
              {
                "cidr_blocks": [
                  "0.0.0.0/0"
                ],
                "description": "",
                "from_port": 0,
                "ipv6_cidr_blocks": [],
                "prefix_list_ids": [],
                "protocol": "-1",
                "security_groups": [],
                "self": false,
                "to_port": 0
              }
            ],
            "name": "security_group_airflow_flower",
            "name_prefix": "",
            "owner_id": "770802840260",
            "revoke_rules_on_delete": false,
            "tags": {
              "Name": "networking-datalake-core"
            },
            "tags_all": {
              "Name": "networking-datalake-core"
            },
            "timeouts": null,
            "vpc_id": "vpc-0f044010ed06ac290"
          },
          "sensitive_attributes": [],
          "private": "eyJlMmJmYjczMC1lY2FhLTExZTYtOGY4OC0zNDM2M2JjN2M0YzAiOnsiY3JlYXRlIjo2MDAwMDAwMDAwMDAsImRlbGV0ZSI6OTAwMDAwMDAwMDAwfSwic2NoZW1hX3ZlcnNpb24iOiIxIn0=",
          "dependencies": [
            "module.networking.aws_vpc.vpc"
          ]
        }
      ]
    },
    {
      "module": "module.networking",
      "mode": "managed",
      "type": "aws_security_group",
      "name": "airflow_scheduler",
      "provider": "provider[\"registry.terraform.io/hashicorp/aws\"]",
      "instances": [
        {
          "schema_version": 1,
          "attributes": {
            "arn": "arn:aws:ec2:us-east-1:770802840260:security-group/sg-0f5356d16d5c1d27a",
            "description": "Airflow scheduler security group",
            "egress": [
              {
                "cidr_blocks": [
                  "0.0.0.0/0"
                ],
                "description": "",
                "from_port": 0,
                "ipv6_cidr_blocks": [],
                "prefix_list_ids": [],
                "protocol": "-1",
                "security_groups": [],
                "self": false,
                "to_port": 0
              }
            ],
            "id": "sg-0f5356d16d5c1d27a",
            "ingress": [
              {
                "cidr_blocks": [
                  "0.0.0.0/0"
                ],
                "description": "",
                "from_port": 0,
                "ipv6_cidr_blocks": [],
                "prefix_list_ids": [],
                "protocol": "-1",
                "security_groups": [],
                "self": false,
                "to_port": 0
              }
            ],
            "name": "security_group_airflow_scheduler",
            "name_prefix": "",
            "owner_id": "770802840260",
            "revoke_rules_on_delete": false,
            "tags": {
              "Name": "networking-datalake-core"
            },
            "tags_all": {
              "Name": "networking-datalake-core"
            },
            "timeouts": null,
            "vpc_id": "vpc-0f044010ed06ac290"
          },
          "sensitive_attributes": [],
          "private": "eyJlMmJmYjczMC1lY2FhLTExZTYtOGY4OC0zNDM2M2JjN2M0YzAiOnsiY3JlYXRlIjo2MDAwMDAwMDAwMDAsImRlbGV0ZSI6OTAwMDAwMDAwMDAwfSwic2NoZW1hX3ZlcnNpb24iOiIxIn0=",
          "dependencies": [
            "module.networking.aws_vpc.vpc"
          ]
        }
      ]
    },
    {
      "module": "module.networking",
      "mode": "managed",
      "type": "aws_security_group",
      "name": "airflow_worker",
      "provider": "provider[\"registry.terraform.io/hashicorp/aws\"]",
      "instances": [
        {
          "schema_version": 1,
          "attributes": {
            "arn": "arn:aws:ec2:us-east-1:770802840260:security-group/sg-0f5ea1db7be3c5a8c",
            "description": "Airflow Celery Workers security group",
            "egress": [
              {
                "cidr_blocks": [
                  "0.0.0.0/0"
                ],
                "description": "",
                "from_port": 0,
                "ipv6_cidr_blocks": [],
                "prefix_list_ids": [],
                "protocol": "-1",
                "security_groups": [],
                "self": false,
                "to_port": 0
              }
            ],
            "id": "sg-0f5ea1db7be3c5a8c",
            "ingress": [
              {
                "cidr_blocks": [
                  "0.0.0.0/0"
                ],
                "description": "",
                "from_port": 0,
                "ipv6_cidr_blocks": [],
                "prefix_list_ids": [],
                "protocol": "-1",
                "security_groups": [],
                "self": false,
                "to_port": 0
              }
            ],
            "name": "security_group_airflow_worker",
            "name_prefix": "",
            "owner_id": "770802840260",
            "revoke_rules_on_delete": false,
            "tags": {
              "Name": "networking-datalake-core"
            },
            "tags_all": {
              "Name": "networking-datalake-core"
            },
            "timeouts": null,
            "vpc_id": "vpc-0f044010ed06ac290"
          },
          "sensitive_attributes": [],
          "private": "eyJlMmJmYjczMC1lY2FhLTExZTYtOGY4OC0zNDM2M2JjN2M0YzAiOnsiY3JlYXRlIjo2MDAwMDAwMDAwMDAsImRlbGV0ZSI6OTAwMDAwMDAwMDAwfSwic2NoZW1hX3ZlcnNpb24iOiIxIn0=",
          "dependencies": [
            "module.networking.aws_vpc.vpc"
          ]
        }
      ]
    },
    {
      "module": "module.networking",
      "mode": "managed",
      "type": "aws_security_group",
      "name": "alb",
      "provider": "provider[\"registry.terraform.io/hashicorp/aws\"]",
      "instances": [
        {
          "schema_version": 1,
          "attributes": {
            "arn": "arn:aws:ec2:us-east-1:770802840260:security-group/sg-0b3f86287d3a621c0",
            "description": "Allow all inbound traffic",
            "egress": [
              {
                "cidr_blocks": [
                  "0.0.0.0/0"
                ],
                "description": "",
                "from_port": 0,
                "ipv6_cidr_blocks": [],
                "prefix_list_ids": [],
                "protocol": "-1",
                "security_groups": [],
                "self": false,
                "to_port": 0
              }
            ],
            "id": "sg-0b3f86287d3a621c0",
            "ingress": [
              {
                "cidr_blocks": [
                  "0.0.0.0/0"
                ],
                "description": "",
                "from_port": 0,
                "ipv6_cidr_blocks": [],
                "prefix_list_ids": [],
                "protocol": "-1",
                "security_groups": [],
                "self": false,
                "to_port": 0
              }
            ],
            "name": "security_group_airflow_alb",
            "name_prefix": "",
            "owner_id": "770802840260",
            "revoke_rules_on_delete": false,
            "tags": {
              "Name": "networking-datalake-core"
            },
            "tags_all": {
              "Name": "networking-datalake-core"
            },
            "timeouts": null,
            "vpc_id": "vpc-0f044010ed06ac290"
          },
          "sensitive_attributes": [],
          "private": "eyJlMmJmYjczMC1lY2FhLTExZTYtOGY4OC0zNDM2M2JjN2M0YzAiOnsiY3JlYXRlIjo2MDAwMDAwMDAwMDAsImRlbGV0ZSI6OTAwMDAwMDAwMDAwfSwic2NoZW1hX3ZlcnNpb24iOiIxIn0=",
          "dependencies": [
            "module.networking.aws_vpc.vpc"
          ]
        }
      ]
    },
    {
      "module": "module.networking",
      "mode": "managed",
      "type": "aws_security_group",
      "name": "postgres",
      "provider": "provider[\"registry.terraform.io/hashicorp/aws\"]",
      "instances": [
        {
          "schema_version": 1,
          "attributes": {
            "arn": "arn:aws:ec2:us-east-1:770802840260:security-group/sg-0612d6a0d3237e0b9",
            "description": "Allow all inbound for Postgres",
            "egress": [
              {
                "cidr_blocks": [
                  "0.0.0.0/0"
                ],
                "description": "",
                "from_port": 0,
                "ipv6_cidr_blocks": [],
                "prefix_list_ids": [],
                "protocol": "-1",
                "security_groups": [],
                "self": false,
                "to_port": 0
              }
            ],
            "id": "sg-0612d6a0d3237e0b9",
            "ingress": [
              {
                "cidr_blocks": [
                  "0.0.0.0/0"
                ],
                "description": "",
                "from_port": 5432,
                "ipv6_cidr_blocks": [],
                "prefix_list_ids": [],
                "protocol": "tcp",
                "security_groups": [],
                "self": false,
                "to_port": 5432
              },
              {
                "cidr_blocks": [
                  "10.0.0.0/16"
                ],
                "description": "",
                "from_port": 5432,
                "ipv6_cidr_blocks": [],
                "prefix_list_ids": [],
                "protocol": "tcp",
                "security_groups": [],
                "self": false,
                "to_port": 5432
              }
            ],
            "name": "security_group_postgres",
            "name_prefix": "",
            "owner_id": "770802840260",
            "revoke_rules_on_delete": false,
            "tags": {
              "Name": "networking-datalake-core"
            },
            "tags_all": {
              "Name": "networking-datalake-core"
            },
            "timeouts": null,
            "vpc_id": "vpc-0f044010ed06ac290"
          },
          "sensitive_attributes": [],
          "private": "eyJlMmJmYjczMC1lY2FhLTExZTYtOGY4OC0zNDM2M2JjN2M0YzAiOnsiY3JlYXRlIjo2MDAwMDAwMDAwMDAsImRlbGV0ZSI6OTAwMDAwMDAwMDAwfSwic2NoZW1hX3ZlcnNpb24iOiIxIn0=",
          "dependencies": [
            "module.networking.aws_vpc.vpc"
          ]
        }
      ]
    },
    {
      "module": "module.networking",
      "mode": "managed",
      "type": "aws_security_group",
      "name": "redis",
      "provider": "provider[\"registry.terraform.io/hashicorp/aws\"]",
      "instances": [
        {
          "schema_version": 1,
          "attributes": {
            "arn": "arn:aws:ec2:us-east-1:770802840260:security-group/sg-0f68b1a48de9004d9",
            "description": "Allow all inbound traffic",
            "egress": [
              {
                "cidr_blocks": [
                  "0.0.0.0/0"
                ],
                "description": "",
                "from_port": 0,
                "ipv6_cidr_blocks": [],
                "prefix_list_ids": [],
                "protocol": "-1",
                "security_groups": [],
                "self": false,
                "to_port": 0
              }
            ],
            "id": "sg-0f68b1a48de9004d9",
            "ingress": [
              {
                "cidr_blocks": [
                  "10.0.0.0/16"
                ],
                "description": "",
                "from_port": 6379,
                "ipv6_cidr_blocks": [],
                "prefix_list_ids": [],
                "protocol": "tcp",
                "security_groups": [],
                "self": false,
                "to_port": 6379
              }
            ],
            "name": "security_group_redis",
            "name_prefix": "",
            "owner_id": "770802840260",
            "revoke_rules_on_delete": false,
            "tags": {
              "Name": "networking-datalake-core"
            },
            "tags_all": {
              "Name": "networking-datalake-core"
            },
            "timeouts": null,
            "vpc_id": "vpc-0f044010ed06ac290"
          },
          "sensitive_attributes": [],
          "private": "eyJlMmJmYjczMC1lY2FhLTExZTYtOGY4OC0zNDM2M2JjN2M0YzAiOnsiY3JlYXRlIjo2MDAwMDAwMDAwMDAsImRlbGV0ZSI6OTAwMDAwMDAwMDAwfSwic2NoZW1hX3ZlcnNpb24iOiIxIn0=",
          "dependencies": [
            "module.networking.aws_vpc.vpc"
          ]
        }
      ]
    },
    {
      "module": "module.networking",
      "mode": "managed",
      "type": "aws_security_group",
      "name": "web_server",
      "provider": "provider[\"registry.terraform.io/hashicorp/aws\"]",
      "instances": [
        {
          "schema_version": 1,
          "attributes": {
            "arn": "arn:aws:ec2:us-east-1:770802840260:security-group/sg-0805041af65c3551a",
            "description": "Allow all inbound traffic",
            "egress": [
              {
                "cidr_blocks": [
                  "0.0.0.0/0"
                ],
                "description": "",
                "from_port": 0,
                "ipv6_cidr_blocks": [],
                "prefix_list_ids": [],
                "protocol": "-1",
                "security_groups": [],
                "self": false,
                "to_port": 0
              }
            ],
            "id": "sg-0805041af65c3551a",
            "ingress": [
              {
                "cidr_blocks": [
                  "0.0.0.0/0"
                ],
                "description": "",
                "from_port": 0,
                "ipv6_cidr_blocks": [],
                "prefix_list_ids": [],
                "protocol": "-1",
                "security_groups": [],
                "self": false,
                "to_port": 0
              }
            ],
            "name": "security_group_airflow_web_server",
            "name_prefix": "",
            "owner_id": "770802840260",
            "revoke_rules_on_delete": false,
            "tags": {
              "Name": "networking-datalake-core"
            },
            "tags_all": {
              "Name": "networking-datalake-core"
            },
            "timeouts": null,
            "vpc_id": "vpc-0f044010ed06ac290"
          },
          "sensitive_attributes": [],
          "private": "eyJlMmJmYjczMC1lY2FhLTExZTYtOGY4OC0zNDM2M2JjN2M0YzAiOnsiY3JlYXRlIjo2MDAwMDAwMDAwMDAsImRlbGV0ZSI6OTAwMDAwMDAwMDAwfSwic2NoZW1hX3ZlcnNpb24iOiIxIn0=",
          "dependencies": [
            "module.networking.aws_vpc.vpc"
          ]
        }
      ]
    },
    {
      "module": "module.networking",
      "mode": "managed",
      "type": "aws_subnet",
      "name": "airflow_public_subnet",
      "provider": "provider[\"registry.terraform.io/hashicorp/aws\"]",
      "instances": [
        {
          "index_key": 0,
          "schema_version": 1,
          "attributes": {
            "arn": "arn:aws:ec2:us-east-1:770802840260:subnet/subnet-02ad1c5ac9ae794ad",
            "assign_ipv6_address_on_creation": false,
            "availability_zone": "us-east-1a",
            "availability_zone_id": "use1-az2",
            "cidr_block": "10.0.2.0/24",
            "customer_owned_ipv4_pool": "",
            "enable_dns64": false,
            "enable_lni_at_device_index": 0,
            "enable_resource_name_dns_a_record_on_launch": false,
            "enable_resource_name_dns_aaaa_record_on_launch": false,
            "id": "subnet-02ad1c5ac9ae794ad",
            "ipv6_cidr_block": "",
            "ipv6_cidr_block_association_id": "",
            "ipv6_native": false,
            "map_customer_owned_ip_on_launch": false,
            "map_public_ip_on_launch": false,
            "outpost_arn": "",
            "owner_id": "770802840260",
            "private_dns_hostname_type_on_launch": "ip-name",
            "tags": {},
            "tags_all": {},
            "timeouts": null,
            "vpc_id": "vpc-0f044010ed06ac290"
          },
          "sensitive_attributes": [],
          "private": "eyJlMmJmYjczMC1lY2FhLTExZTYtOGY4OC0zNDM2M2JjN2M0YzAiOnsiY3JlYXRlIjo2MDAwMDAwMDAwMDAsImRlbGV0ZSI6MTIwMDAwMDAwMDAwMH0sInNjaGVtYV92ZXJzaW9uIjoiMSJ9",
          "dependencies": [
            "module.networking.aws_vpc.vpc"
          ]
        },
        {
          "index_key": 1,
          "schema_version": 1,
          "attributes": {
            "arn": "arn:aws:ec2:us-east-1:770802840260:subnet/subnet-078c71c4754f23983",
            "assign_ipv6_address_on_creation": false,
            "availability_zone": "us-east-1b",
            "availability_zone_id": "use1-az4",
            "cidr_block": "10.0.3.0/24",
            "customer_owned_ipv4_pool": "",
            "enable_dns64": false,
            "enable_lni_at_device_index": 0,
            "enable_resource_name_dns_a_record_on_launch": false,
            "enable_resource_name_dns_aaaa_record_on_launch": false,
            "id": "subnet-078c71c4754f23983",
            "ipv6_cidr_block": "",
            "ipv6_cidr_block_association_id": "",
            "ipv6_native": false,
            "map_customer_owned_ip_on_launch": false,
            "map_public_ip_on_launch": false,
            "outpost_arn": "",
            "owner_id": "770802840260",
            "private_dns_hostname_type_on_launch": "ip-name",
            "tags": {},
            "tags_all": {},
            "timeouts": null,
            "vpc_id": "vpc-0f044010ed06ac290"
          },
          "sensitive_attributes": [],
          "private": "eyJlMmJmYjczMC1lY2FhLTExZTYtOGY4OC0zNDM2M2JjN2M0YzAiOnsiY3JlYXRlIjo2MDAwMDAwMDAwMDAsImRlbGV0ZSI6MTIwMDAwMDAwMDAwMH0sInNjaGVtYV92ZXJzaW9uIjoiMSJ9",
          "dependencies": [
            "module.networking.aws_vpc.vpc"
          ]
        }
      ]
    },
    {
      "module": "module.networking",
      "mode": "managed",
      "type": "aws_subnet",
      "name": "public_subnet",
      "provider": "provider[\"registry.terraform.io/hashicorp/aws\"]",
      "instances": [
        {
          "schema_version": 1,
          "attributes": {
            "arn": "arn:aws:ec2:us-east-1:770802840260:subnet/subnet-0463e6e7705c3220c",
            "assign_ipv6_address_on_creation": false,
            "availability_zone": "us-east-1a",
            "availability_zone_id": "use1-az2",
            "cidr_block": "10.0.1.0/24",
            "customer_owned_ipv4_pool": "",
            "enable_dns64": false,
            "enable_lni_at_device_index": 0,
            "enable_resource_name_dns_a_record_on_launch": false,
            "enable_resource_name_dns_aaaa_record_on_launch": false,
            "id": "subnet-0463e6e7705c3220c",
            "ipv6_cidr_block": "",
            "ipv6_cidr_block_association_id": "",
            "ipv6_native": false,
            "map_customer_owned_ip_on_launch": false,
            "map_public_ip_on_launch": true,
            "outpost_arn": "",
            "owner_id": "770802840260",
            "private_dns_hostname_type_on_launch": "ip-name",
            "tags": {
              "Name": "networking-datalake-core"
            },
            "tags_all": {
              "Name": "networking-datalake-core"
            },
            "timeouts": null,
            "vpc_id": "vpc-0f044010ed06ac290"
          },
          "sensitive_attributes": [],
          "private": "eyJlMmJmYjczMC1lY2FhLTExZTYtOGY4OC0zNDM2M2JjN2M0YzAiOnsiY3JlYXRlIjo2MDAwMDAwMDAwMDAsImRlbGV0ZSI6MTIwMDAwMDAwMDAwMH0sInNjaGVtYV92ZXJzaW9uIjoiMSJ9",
          "dependencies": [
            "module.networking.aws_vpc.vpc"
          ]
        }
      ]
    },
    {
      "module": "module.networking",
      "mode": "managed",
      "type": "aws_vpc",
      "name": "vpc",
      "provider": "provider[\"registry.terraform.io/hashicorp/aws\"]",
      "instances": [
        {
          "schema_version": 1,
          "attributes": {
            "arn": "arn:aws:ec2:us-east-1:770802840260:vpc/vpc-0f044010ed06ac290",
            "assign_generated_ipv6_cidr_block": false,
            "cidr_block": "10.0.0.0/16",
            "default_network_acl_id": "acl-04b5246eb73d578c6",
            "default_route_table_id": "rtb-07973c3cc9d6a6288",
            "default_security_group_id": "sg-0ecec6d6cfe782400",
            "dhcp_options_id": "dopt-0e92059e1212513ca",
            "enable_dns_hostnames": true,
            "enable_dns_support": true,
            "enable_network_address_usage_metrics": false,
            "id": "vpc-0f044010ed06ac290",
            "instance_tenancy": "default",
            "ipv4_ipam_pool_id": null,
            "ipv4_netmask_length": null,
            "ipv6_association_id": "",
            "ipv6_cidr_block": "",
            "ipv6_cidr_block_network_border_group": "",
            "ipv6_ipam_pool_id": "",
            "ipv6_netmask_length": 0,
            "main_route_table_id": "rtb-07973c3cc9d6a6288",
            "owner_id": "770802840260",
            "tags": {
              "Name": "networking-datalake-core"
            },
            "tags_all": {
              "Name": "networking-datalake-core"
            }
          },
          "sensitive_attributes": [],
          "private": "eyJzY2hlbWFfdmVyc2lvbiI6IjEifQ=="
        }
      ]
    },
    {
      "module": "module.s3_buckets",
      "mode": "managed",
      "type": "aws_s3_object",
      "name": "upload_glue_jobs",
      "provider": "provider[\"registry.terraform.io/hashicorp/aws\"]",
      "instances": [
        {
          "index_key": "../../application/jobs/example1.py",
          "schema_version": 0,
          "attributes": {
            "acl": null,
            "bucket": "datalake-core-glue-job-scripts",
            "bucket_key_enabled": false,
            "cache_control": "",
            "checksum_algorithm": null,
            "checksum_crc32": "",
            "checksum_crc32c": "",
            "checksum_sha1": "",
            "checksum_sha256": "",
            "content": null,
            "content_base64": null,
            "content_disposition": "",
            "content_encoding": "",
            "content_language": "",
            "content_type": "application/octet-stream",
            "etag": "d741cfef033ed1688f48e6f6ec1bba81",
            "force_destroy": false,
            "id": "example1.py",
            "key": "example1.py",
            "kms_key_id": null,
            "metadata": {},
            "object_lock_legal_hold_status": "",
            "object_lock_mode": "",
            "object_lock_retain_until_date": "",
            "server_side_encryption": "AES256",
            "source": "../s3_buckets/../../application/jobs/example1.py",
            "source_hash": null,
            "storage_class": "STANDARD",
            "tags": {},
            "tags_all": {},
            "version_id": "",
            "website_redirect": ""
          },
          "sensitive_attributes": [],
          "private": "bnVsbA==",
          "dependencies": [
            "module.s3_buckets.module.s3_glue_job_scripts.aws_s3_bucket.s3_bucket",
            "module.s3_buckets.module.s3_glue_job_scripts.aws_s3_bucket_acl.s3_bucket",
            "module.s3_buckets.module.s3_glue_job_scripts.aws_s3_bucket_ownership_controls.s3_bucket"
          ]
        }
      ]
    },
    {
      "module": "module.s3_buckets.module.s3_assets",
      "mode": "managed",
      "type": "aws_s3_bucket",
      "name": "s3_bucket",
      "provider": "provider[\"registry.terraform.io/hashicorp/aws\"]",
      "instances": [
        {
          "schema_version": 0,
          "attributes": {
            "acceleration_status": "",
            "acl": null,
            "arn": "arn:aws:s3:::datalake-core-assets",
            "bucket": "datalake-core-assets",
            "bucket_domain_name": "datalake-core-assets.s3.amazonaws.com",
            "bucket_prefix": "",
            "bucket_regional_domain_name": "datalake-core-assets.s3.us-east-1.amazonaws.com",
            "cors_rule": [],
            "force_destroy": true,
            "grant": [
              {
                "id": "5a00cf738dd46faa61e28f1d9c1c52e0bf3a8b32a822499a28e3890912589890",
                "permissions": [
                  "FULL_CONTROL"
                ],
                "type": "CanonicalUser",
                "uri": ""
              }
            ],
            "hosted_zone_id": "Z3AQBSTGFYJSTF",
            "id": "datalake-core-assets",
            "lifecycle_rule": [],
            "logging": [],
            "object_lock_configuration": [],
            "object_lock_enabled": false,
            "policy": "",
            "region": "us-east-1",
            "replication_configuration": [],
            "request_payer": "BucketOwner",
            "server_side_encryption_configuration": [
              {
                "rule": [
                  {
                    "apply_server_side_encryption_by_default": [
                      {
                        "kms_master_key_id": "",
                        "sse_algorithm": "AES256"
                      }
                    ],
                    "bucket_key_enabled": false
                  }
                ]
              }
            ],
            "tags": {},
            "tags_all": {},
            "timeouts": null,
            "versioning": [
              {
                "enabled": false,
                "mfa_delete": false
              }
            ],
            "website": [],
            "website_domain": null,
            "website_endpoint": null
          },
          "sensitive_attributes": [],
          "private": "eyJlMmJmYjczMC1lY2FhLTExZTYtOGY4OC0zNDM2M2JjN2M0YzAiOnsiY3JlYXRlIjoxMjAwMDAwMDAwMDAwLCJkZWxldGUiOjM2MDAwMDAwMDAwMDAsInJlYWQiOjEyMDAwMDAwMDAwMDAsInVwZGF0ZSI6MTIwMDAwMDAwMDAwMH19"
        }
      ]
    },
    {
      "module": "module.s3_buckets.module.s3_assets",
      "mode": "managed",
      "type": "aws_s3_bucket_acl",
      "name": "s3_bucket",
      "provider": "provider[\"registry.terraform.io/hashicorp/aws\"]",
      "instances": [
        {
          "schema_version": 0,
          "attributes": {
            "access_control_policy": [
              {
                "grant": [
                  {
                    "grantee": [
                      {
                        "display_name": "leandro.damasceno",
                        "email_address": "",
                        "id": "5a00cf738dd46faa61e28f1d9c1c52e0bf3a8b32a822499a28e3890912589890",
                        "type": "CanonicalUser",
                        "uri": ""
                      }
                    ],
                    "permission": "FULL_CONTROL"
                  }
                ],
                "owner": [
                  {
                    "display_name": "leandro.damasceno",
                    "id": "5a00cf738dd46faa61e28f1d9c1c52e0bf3a8b32a822499a28e3890912589890"
                  }
                ]
              }
            ],
            "acl": "private",
            "bucket": "datalake-core-assets",
            "expected_bucket_owner": "",
            "id": "datalake-core-assets,private"
          },
          "sensitive_attributes": [],
          "private": "bnVsbA==",
          "dependencies": [
            "module.s3_buckets.module.s3_assets.aws_s3_bucket.s3_bucket",
            "module.s3_buckets.module.s3_assets.aws_s3_bucket_ownership_controls.s3_bucket"
          ]
        }
      ]
    },
    {
      "module": "module.s3_buckets.module.s3_assets",
      "mode": "managed",
      "type": "aws_s3_bucket_ownership_controls",
      "name": "s3_bucket",
      "provider": "provider[\"registry.terraform.io/hashicorp/aws\"]",
      "instances": [
        {
          "schema_version": 0,
          "attributes": {
            "bucket": "datalake-core-assets",
            "id": "datalake-core-assets",
            "rule": [
              {
                "object_ownership": "BucketOwnerPreferred"
              }
            ]
          },
          "sensitive_attributes": [],
          "private": "bnVsbA==",
          "dependencies": [
            "module.s3_buckets.module.s3_assets.aws_s3_bucket.s3_bucket"
          ]
        }
      ]
    },
    {
      "module": "module.s3_buckets.module.s3_athena_results",
      "mode": "managed",
      "type": "aws_s3_bucket",
      "name": "s3_bucket",
      "provider": "provider[\"registry.terraform.io/hashicorp/aws\"]",
      "instances": [
        {
          "schema_version": 0,
          "attributes": {
            "acceleration_status": "",
            "acl": null,
            "arn": "arn:aws:s3:::datalake-core-athena-query-results",
            "bucket": "datalake-core-athena-query-results",
            "bucket_domain_name": "datalake-core-athena-query-results.s3.amazonaws.com",
            "bucket_prefix": "",
            "bucket_regional_domain_name": "datalake-core-athena-query-results.s3.us-east-1.amazonaws.com",
            "cors_rule": [],
            "force_destroy": true,
            "grant": [
              {
                "id": "5a00cf738dd46faa61e28f1d9c1c52e0bf3a8b32a822499a28e3890912589890",
                "permissions": [
                  "FULL_CONTROL"
                ],
                "type": "CanonicalUser",
                "uri": ""
              }
            ],
            "hosted_zone_id": "Z3AQBSTGFYJSTF",
            "id": "datalake-core-athena-query-results",
            "lifecycle_rule": [],
            "logging": [],
            "object_lock_configuration": [],
            "object_lock_enabled": false,
            "policy": "",
            "region": "us-east-1",
            "replication_configuration": [],
            "request_payer": "BucketOwner",
            "server_side_encryption_configuration": [
              {
                "rule": [
                  {
                    "apply_server_side_encryption_by_default": [
                      {
                        "kms_master_key_id": "",
                        "sse_algorithm": "AES256"
                      }
                    ],
                    "bucket_key_enabled": false
                  }
                ]
              }
            ],
            "tags": {},
            "tags_all": {},
            "timeouts": null,
            "versioning": [
              {
                "enabled": false,
                "mfa_delete": false
              }
            ],
            "website": [],
            "website_domain": null,
            "website_endpoint": null
          },
          "sensitive_attributes": [],
          "private": "eyJlMmJmYjczMC1lY2FhLTExZTYtOGY4OC0zNDM2M2JjN2M0YzAiOnsiY3JlYXRlIjoxMjAwMDAwMDAwMDAwLCJkZWxldGUiOjM2MDAwMDAwMDAwMDAsInJlYWQiOjEyMDAwMDAwMDAwMDAsInVwZGF0ZSI6MTIwMDAwMDAwMDAwMH19"
        }
      ]
    },
    {
      "module": "module.s3_buckets.module.s3_athena_results",
      "mode": "managed",
      "type": "aws_s3_bucket_acl",
      "name": "s3_bucket",
      "provider": "provider[\"registry.terraform.io/hashicorp/aws\"]",
      "instances": [
        {
          "schema_version": 0,
          "attributes": {
            "access_control_policy": [
              {
                "grant": [
                  {
                    "grantee": [
                      {
                        "display_name": "leandro.damasceno",
                        "email_address": "",
                        "id": "5a00cf738dd46faa61e28f1d9c1c52e0bf3a8b32a822499a28e3890912589890",
                        "type": "CanonicalUser",
                        "uri": ""
                      }
                    ],
                    "permission": "FULL_CONTROL"
                  }
                ],
                "owner": [
                  {
                    "display_name": "leandro.damasceno",
                    "id": "5a00cf738dd46faa61e28f1d9c1c52e0bf3a8b32a822499a28e3890912589890"
                  }
                ]
              }
            ],
            "acl": "private",
            "bucket": "datalake-core-athena-query-results",
            "expected_bucket_owner": "",
            "id": "datalake-core-athena-query-results,private"
          },
          "sensitive_attributes": [],
          "private": "bnVsbA==",
          "dependencies": [
            "module.s3_buckets.module.s3_athena_results.aws_s3_bucket.s3_bucket",
            "module.s3_buckets.module.s3_athena_results.aws_s3_bucket_ownership_controls.s3_bucket"
          ]
        }
      ]
    },
    {
      "module": "module.s3_buckets.module.s3_athena_results",
      "mode": "managed",
      "type": "aws_s3_bucket_ownership_controls",
      "name": "s3_bucket",
      "provider": "provider[\"registry.terraform.io/hashicorp/aws\"]",
      "instances": [
        {
          "schema_version": 0,
          "attributes": {
            "bucket": "datalake-core-athena-query-results",
            "id": "datalake-core-athena-query-results",
            "rule": [
              {
                "object_ownership": "BucketOwnerPreferred"
              }
            ]
          },
          "sensitive_attributes": [],
          "private": "bnVsbA==",
          "dependencies": [
            "module.s3_buckets.module.s3_athena_results.aws_s3_bucket.s3_bucket"
          ]
        }
      ]
    },
    {
      "module": "module.s3_buckets.module.s3_glue_job_scripts",
      "mode": "managed",
      "type": "aws_s3_bucket",
      "name": "s3_bucket",
      "provider": "provider[\"registry.terraform.io/hashicorp/aws\"]",
      "instances": [
        {
          "schema_version": 0,
          "attributes": {
            "acceleration_status": "",
            "acl": null,
            "arn": "arn:aws:s3:::datalake-core-glue-job-scripts",
            "bucket": "datalake-core-glue-job-scripts",
            "bucket_domain_name": "datalake-core-glue-job-scripts.s3.amazonaws.com",
            "bucket_prefix": "",
            "bucket_regional_domain_name": "datalake-core-glue-job-scripts.s3.us-east-1.amazonaws.com",
            "cors_rule": [],
            "force_destroy": true,
            "grant": [
              {
                "id": "5a00cf738dd46faa61e28f1d9c1c52e0bf3a8b32a822499a28e3890912589890",
                "permissions": [
                  "FULL_CONTROL"
                ],
                "type": "CanonicalUser",
                "uri": ""
              }
            ],
            "hosted_zone_id": "Z3AQBSTGFYJSTF",
            "id": "datalake-core-glue-job-scripts",
            "lifecycle_rule": [],
            "logging": [],
            "object_lock_configuration": [],
            "object_lock_enabled": false,
            "policy": "",
            "region": "us-east-1",
            "replication_configuration": [],
            "request_payer": "BucketOwner",
            "server_side_encryption_configuration": [
              {
                "rule": [
                  {
                    "apply_server_side_encryption_by_default": [
                      {
                        "kms_master_key_id": "",
                        "sse_algorithm": "AES256"
                      }
                    ],
                    "bucket_key_enabled": false
                  }
                ]
              }
            ],
            "tags": {},
            "tags_all": {},
            "timeouts": null,
            "versioning": [
              {
                "enabled": false,
                "mfa_delete": false
              }
            ],
            "website": [],
            "website_domain": null,
            "website_endpoint": null
          },
          "sensitive_attributes": [],
          "private": "eyJlMmJmYjczMC1lY2FhLTExZTYtOGY4OC0zNDM2M2JjN2M0YzAiOnsiY3JlYXRlIjoxMjAwMDAwMDAwMDAwLCJkZWxldGUiOjM2MDAwMDAwMDAwMDAsInJlYWQiOjEyMDAwMDAwMDAwMDAsInVwZGF0ZSI6MTIwMDAwMDAwMDAwMH19"
        }
      ]
    },
    {
      "module": "module.s3_buckets.module.s3_glue_job_scripts",
      "mode": "managed",
      "type": "aws_s3_bucket_acl",
      "name": "s3_bucket",
      "provider": "provider[\"registry.terraform.io/hashicorp/aws\"]",
      "instances": [
        {
          "schema_version": 0,
          "attributes": {
            "access_control_policy": [
              {
                "grant": [
                  {
                    "grantee": [
                      {
                        "display_name": "leandro.damasceno",
                        "email_address": "",
                        "id": "5a00cf738dd46faa61e28f1d9c1c52e0bf3a8b32a822499a28e3890912589890",
                        "type": "CanonicalUser",
                        "uri": ""
                      }
                    ],
                    "permission": "FULL_CONTROL"
                  }
                ],
                "owner": [
                  {
                    "display_name": "leandro.damasceno",
                    "id": "5a00cf738dd46faa61e28f1d9c1c52e0bf3a8b32a822499a28e3890912589890"
                  }
                ]
              }
            ],
            "acl": "private",
            "bucket": "datalake-core-glue-job-scripts",
            "expected_bucket_owner": "",
            "id": "datalake-core-glue-job-scripts,private"
          },
          "sensitive_attributes": [],
          "private": "bnVsbA==",
          "dependencies": [
            "module.s3_buckets.module.s3_glue_job_scripts.aws_s3_bucket.s3_bucket",
            "module.s3_buckets.module.s3_glue_job_scripts.aws_s3_bucket_ownership_controls.s3_bucket"
          ]
        }
      ]
    },
    {
      "module": "module.s3_buckets.module.s3_glue_job_scripts",
      "mode": "managed",
      "type": "aws_s3_bucket_ownership_controls",
      "name": "s3_bucket",
      "provider": "provider[\"registry.terraform.io/hashicorp/aws\"]",
      "instances": [
        {
          "schema_version": 0,
          "attributes": {
            "bucket": "datalake-core-glue-job-scripts",
            "id": "datalake-core-glue-job-scripts",
            "rule": [
              {
                "object_ownership": "BucketOwnerPreferred"
              }
            ]
          },
          "sensitive_attributes": [],
          "private": "bnVsbA==",
          "dependencies": [
            "module.s3_buckets.module.s3_glue_job_scripts.aws_s3_bucket.s3_bucket"
          ]
        }
      ]
    },
    {
      "module": "module.s3_buckets.module.s3_raw",
      "mode": "managed",
      "type": "aws_s3_bucket",
      "name": "s3_bucket",
      "provider": "provider[\"registry.terraform.io/hashicorp/aws\"]",
      "instances": [
        {
          "schema_version": 0,
          "attributes": {
            "acceleration_status": "",
            "acl": null,
            "arn": "arn:aws:s3:::datalake-core-raw",
            "bucket": "datalake-core-raw",
            "bucket_domain_name": "datalake-core-raw.s3.amazonaws.com",
            "bucket_prefix": "",
            "bucket_regional_domain_name": "datalake-core-raw.s3.us-east-1.amazonaws.com",
            "cors_rule": [],
            "force_destroy": true,
            "grant": [
              {
                "id": "5a00cf738dd46faa61e28f1d9c1c52e0bf3a8b32a822499a28e3890912589890",
                "permissions": [
                  "FULL_CONTROL"
                ],
                "type": "CanonicalUser",
                "uri": ""
              }
            ],
            "hosted_zone_id": "Z3AQBSTGFYJSTF",
            "id": "datalake-core-raw",
            "lifecycle_rule": [],
            "logging": [],
            "object_lock_configuration": [],
            "object_lock_enabled": false,
            "policy": "",
            "region": "us-east-1",
            "replication_configuration": [],
            "request_payer": "BucketOwner",
            "server_side_encryption_configuration": [
              {
                "rule": [
                  {
                    "apply_server_side_encryption_by_default": [
                      {
                        "kms_master_key_id": "",
                        "sse_algorithm": "AES256"
                      }
                    ],
                    "bucket_key_enabled": false
                  }
                ]
              }
            ],
            "tags": {},
            "tags_all": {},
            "timeouts": null,
            "versioning": [
              {
                "enabled": false,
                "mfa_delete": false
              }
            ],
            "website": [],
            "website_domain": null,
            "website_endpoint": null
          },
          "sensitive_attributes": [],
          "private": "eyJlMmJmYjczMC1lY2FhLTExZTYtOGY4OC0zNDM2M2JjN2M0YzAiOnsiY3JlYXRlIjoxMjAwMDAwMDAwMDAwLCJkZWxldGUiOjM2MDAwMDAwMDAwMDAsInJlYWQiOjEyMDAwMDAwMDAwMDAsInVwZGF0ZSI6MTIwMDAwMDAwMDAwMH19",
          "dependencies": [
            "module.s3_buckets.module.s3_glue_job_scripts.aws_s3_bucket.s3_bucket",
            "module.s3_buckets.module.s3_glue_job_scripts.aws_s3_bucket_acl.s3_bucket",
            "module.s3_buckets.module.s3_glue_job_scripts.aws_s3_bucket_ownership_controls.s3_bucket"
          ]
        }
      ]
    },
    {
      "module": "module.s3_buckets.module.s3_raw",
      "mode": "managed",
      "type": "aws_s3_bucket_acl",
      "name": "s3_bucket",
      "provider": "provider[\"registry.terraform.io/hashicorp/aws\"]",
      "instances": [
        {
          "schema_version": 0,
          "attributes": {
            "access_control_policy": [
              {
                "grant": [
                  {
                    "grantee": [
                      {
                        "display_name": "leandro.damasceno",
                        "email_address": "",
                        "id": "5a00cf738dd46faa61e28f1d9c1c52e0bf3a8b32a822499a28e3890912589890",
                        "type": "CanonicalUser",
                        "uri": ""
                      }
                    ],
                    "permission": "FULL_CONTROL"
                  }
                ],
                "owner": [
                  {
                    "display_name": "leandro.damasceno",
                    "id": "5a00cf738dd46faa61e28f1d9c1c52e0bf3a8b32a822499a28e3890912589890"
                  }
                ]
              }
            ],
            "acl": "private",
            "bucket": "datalake-core-raw",
            "expected_bucket_owner": "",
            "id": "datalake-core-raw,private"
          },
          "sensitive_attributes": [],
          "private": "bnVsbA==",
          "dependencies": [
            "module.s3_buckets.module.s3_glue_job_scripts.aws_s3_bucket.s3_bucket",
            "module.s3_buckets.module.s3_glue_job_scripts.aws_s3_bucket_acl.s3_bucket",
            "module.s3_buckets.module.s3_glue_job_scripts.aws_s3_bucket_ownership_controls.s3_bucket",
            "module.s3_buckets.module.s3_raw.aws_s3_bucket.s3_bucket",
            "module.s3_buckets.module.s3_raw.aws_s3_bucket_ownership_controls.s3_bucket"
          ]
        }
      ]
    },
    {
      "module": "module.s3_buckets.module.s3_raw",
      "mode": "managed",
      "type": "aws_s3_bucket_ownership_controls",
      "name": "s3_bucket",
      "provider": "provider[\"registry.terraform.io/hashicorp/aws\"]",
      "instances": [
        {
          "schema_version": 0,
          "attributes": {
            "bucket": "datalake-core-raw",
            "id": "datalake-core-raw",
            "rule": [
              {
                "object_ownership": "BucketOwnerPreferred"
              }
            ]
          },
          "sensitive_attributes": [],
          "private": "bnVsbA==",
          "dependencies": [
            "module.s3_buckets.module.s3_glue_job_scripts.aws_s3_bucket.s3_bucket",
            "module.s3_buckets.module.s3_glue_job_scripts.aws_s3_bucket_acl.s3_bucket",
            "module.s3_buckets.module.s3_glue_job_scripts.aws_s3_bucket_ownership_controls.s3_bucket",
            "module.s3_buckets.module.s3_raw.aws_s3_bucket.s3_bucket"
          ]
        }
      ]
    },
    {
      "module": "module.s3_buckets.module.s3_refined",
      "mode": "managed",
      "type": "aws_s3_bucket",
      "name": "s3_bucket",
      "provider": "provider[\"registry.terraform.io/hashicorp/aws\"]",
      "instances": [
        {
          "schema_version": 0,
          "attributes": {
            "acceleration_status": "",
            "acl": null,
            "arn": "arn:aws:s3:::datalake-core-refined",
            "bucket": "datalake-core-refined",
            "bucket_domain_name": "datalake-core-refined.s3.amazonaws.com",
            "bucket_prefix": "",
            "bucket_regional_domain_name": "datalake-core-refined.s3.us-east-1.amazonaws.com",
            "cors_rule": [],
            "force_destroy": true,
            "grant": [
              {
                "id": "5a00cf738dd46faa61e28f1d9c1c52e0bf3a8b32a822499a28e3890912589890",
                "permissions": [
                  "FULL_CONTROL"
                ],
                "type": "CanonicalUser",
                "uri": ""
              }
            ],
            "hosted_zone_id": "Z3AQBSTGFYJSTF",
            "id": "datalake-core-refined",
            "lifecycle_rule": [],
            "logging": [],
            "object_lock_configuration": [],
            "object_lock_enabled": false,
            "policy": "",
            "region": "us-east-1",
            "replication_configuration": [],
            "request_payer": "BucketOwner",
            "server_side_encryption_configuration": [
              {
                "rule": [
                  {
                    "apply_server_side_encryption_by_default": [
                      {
                        "kms_master_key_id": "",
                        "sse_algorithm": "AES256"
                      }
                    ],
                    "bucket_key_enabled": false
                  }
                ]
              }
            ],
            "tags": {},
            "tags_all": {},
            "timeouts": null,
            "versioning": [
              {
                "enabled": false,
                "mfa_delete": false
              }
            ],
            "website": [],
            "website_domain": null,
            "website_endpoint": null
          },
          "sensitive_attributes": [],
          "private": "eyJlMmJmYjczMC1lY2FhLTExZTYtOGY4OC0zNDM2M2JjN2M0YzAiOnsiY3JlYXRlIjoxMjAwMDAwMDAwMDAwLCJkZWxldGUiOjM2MDAwMDAwMDAwMDAsInJlYWQiOjEyMDAwMDAwMDAwMDAsInVwZGF0ZSI6MTIwMDAwMDAwMDAwMH19"
        }
      ]
    },
    {
      "module": "module.s3_buckets.module.s3_refined",
      "mode": "managed",
      "type": "aws_s3_bucket_acl",
      "name": "s3_bucket",
      "provider": "provider[\"registry.terraform.io/hashicorp/aws\"]",
      "instances": [
        {
          "schema_version": 0,
          "attributes": {
            "access_control_policy": [
              {
                "grant": [
                  {
                    "grantee": [
                      {
                        "display_name": "leandro.damasceno",
                        "email_address": "",
                        "id": "5a00cf738dd46faa61e28f1d9c1c52e0bf3a8b32a822499a28e3890912589890",
                        "type": "CanonicalUser",
                        "uri": ""
                      }
                    ],
                    "permission": "FULL_CONTROL"
                  }
                ],
                "owner": [
                  {
                    "display_name": "leandro.damasceno",
                    "id": "5a00cf738dd46faa61e28f1d9c1c52e0bf3a8b32a822499a28e3890912589890"
                  }
                ]
              }
            ],
            "acl": "private",
            "bucket": "datalake-core-refined",
            "expected_bucket_owner": "",
            "id": "datalake-core-refined,private"
          },
          "sensitive_attributes": [],
          "private": "bnVsbA==",
          "dependencies": [
            "module.s3_buckets.module.s3_refined.aws_s3_bucket.s3_bucket",
            "module.s3_buckets.module.s3_refined.aws_s3_bucket_ownership_controls.s3_bucket"
          ]
        }
      ]
    },
    {
      "module": "module.s3_buckets.module.s3_refined",
      "mode": "managed",
      "type": "aws_s3_bucket_ownership_controls",
      "name": "s3_bucket",
      "provider": "provider[\"registry.terraform.io/hashicorp/aws\"]",
      "instances": [
        {
          "schema_version": 0,
          "attributes": {
            "bucket": "datalake-core-refined",
            "id": "datalake-core-refined",
            "rule": [
              {
                "object_ownership": "BucketOwnerPreferred"
              }
            ]
          },
          "sensitive_attributes": [],
          "private": "bnVsbA==",
          "dependencies": [
            "module.s3_buckets.module.s3_refined.aws_s3_bucket.s3_bucket"
          ]
        }
      ]
    },
    {
      "module": "module.s3_buckets.module.s3_trusted",
      "mode": "managed",
      "type": "aws_s3_bucket",
      "name": "s3_bucket",
      "provider": "provider[\"registry.terraform.io/hashicorp/aws\"]",
      "instances": [
        {
          "schema_version": 0,
          "attributes": {
            "acceleration_status": "",
            "acl": null,
            "arn": "arn:aws:s3:::datalake-core-trusted",
            "bucket": "datalake-core-trusted",
            "bucket_domain_name": "datalake-core-trusted.s3.amazonaws.com",
            "bucket_prefix": "",
            "bucket_regional_domain_name": "datalake-core-trusted.s3.us-east-1.amazonaws.com",
            "cors_rule": [],
            "force_destroy": true,
            "grant": [
              {
                "id": "5a00cf738dd46faa61e28f1d9c1c52e0bf3a8b32a822499a28e3890912589890",
                "permissions": [
                  "FULL_CONTROL"
                ],
                "type": "CanonicalUser",
                "uri": ""
              }
            ],
            "hosted_zone_id": "Z3AQBSTGFYJSTF",
            "id": "datalake-core-trusted",
            "lifecycle_rule": [],
            "logging": [],
            "object_lock_configuration": [],
            "object_lock_enabled": false,
            "policy": "",
            "region": "us-east-1",
            "replication_configuration": [],
            "request_payer": "BucketOwner",
            "server_side_encryption_configuration": [
              {
                "rule": [
                  {
                    "apply_server_side_encryption_by_default": [
                      {
                        "kms_master_key_id": "",
                        "sse_algorithm": "AES256"
                      }
                    ],
                    "bucket_key_enabled": false
                  }
                ]
              }
            ],
            "tags": {},
            "tags_all": {},
            "timeouts": null,
            "versioning": [
              {
                "enabled": false,
                "mfa_delete": false
              }
            ],
            "website": [],
            "website_domain": null,
            "website_endpoint": null
          },
          "sensitive_attributes": [],
          "private": "eyJlMmJmYjczMC1lY2FhLTExZTYtOGY4OC0zNDM2M2JjN2M0YzAiOnsiY3JlYXRlIjoxMjAwMDAwMDAwMDAwLCJkZWxldGUiOjM2MDAwMDAwMDAwMDAsInJlYWQiOjEyMDAwMDAwMDAwMDAsInVwZGF0ZSI6MTIwMDAwMDAwMDAwMH19"
        }
      ]
    },
    {
      "module": "module.s3_buckets.module.s3_trusted",
      "mode": "managed",
      "type": "aws_s3_bucket_acl",
      "name": "s3_bucket",
      "provider": "provider[\"registry.terraform.io/hashicorp/aws\"]",
      "instances": [
        {
          "schema_version": 0,
          "attributes": {
            "access_control_policy": [
              {
                "grant": [
                  {
                    "grantee": [
                      {
                        "display_name": "leandro.damasceno",
                        "email_address": "",
                        "id": "5a00cf738dd46faa61e28f1d9c1c52e0bf3a8b32a822499a28e3890912589890",
                        "type": "CanonicalUser",
                        "uri": ""
                      }
                    ],
                    "permission": "FULL_CONTROL"
                  }
                ],
                "owner": [
                  {
                    "display_name": "leandro.damasceno",
                    "id": "5a00cf738dd46faa61e28f1d9c1c52e0bf3a8b32a822499a28e3890912589890"
                  }
                ]
              }
            ],
            "acl": "private",
            "bucket": "datalake-core-trusted",
            "expected_bucket_owner": "",
            "id": "datalake-core-trusted,private"
          },
          "sensitive_attributes": [],
          "private": "bnVsbA==",
          "dependencies": [
            "module.s3_buckets.module.s3_trusted.aws_s3_bucket.s3_bucket",
            "module.s3_buckets.module.s3_trusted.aws_s3_bucket_ownership_controls.s3_bucket"
          ]
        }
      ]
    },
    {
      "module": "module.s3_buckets.module.s3_trusted",
      "mode": "managed",
      "type": "aws_s3_bucket_ownership_controls",
      "name": "s3_bucket",
      "provider": "provider[\"registry.terraform.io/hashicorp/aws\"]",
      "instances": [
        {
          "schema_version": 0,
          "attributes": {
            "bucket": "datalake-core-trusted",
            "id": "datalake-core-trusted",
            "rule": [
              {
                "object_ownership": "BucketOwnerPreferred"
              }
            ]
          },
          "sensitive_attributes": [],
          "private": "bnVsbA==",
          "dependencies": [
            "module.s3_buckets.module.s3_trusted.aws_s3_bucket.s3_bucket"
          ]
        }
      ]
    }
  ],
  "check_results": null
}
